{
    "repos": {
        "1235467": {
            "date": null,
            "rev": "0b0728d78c5f2f5f0d93b3ab298574c579cc081b",
            "sha256": "0da6y0j4smnvalz8d9mj4hlvm8n3i0y09hz2ilpv7lpy1q9allrw",
            "url": "https://github.com/1235467/nurpkgs"
        },
        "aasg": {
            "date": null,
            "rev": "159f12cd8855fc005d045897d715ceb6ab20425a",
            "sha256": "0skgvrls4ak6nhq8d51qsvf4qwz4x70d5d9svm3v8s8vikad8fz5",
            "url": "https://git.sr.ht/~aasg/nixexprs"
        },
        "awl-fcarza": {
            "date": null,
            "rev": "7aa113aef4e3dcffdf51e4dbf5d678d27f286018",
            "sha256": "02w319ca1nl2fgjz3cj3ksi3gv8r3202wb288098mgqylq84fvdc",
            "url": "https://github.com/francescocarzaniga/awl-fcarza"
        },
        "bb010g": {
            "date": null,
            "rev": "5934882a2a0974cf5f5fc259414080285fce1f65",
            "sha256": "0h4p1yvv685ag3b59ym045nd1k8rfi5qfrlj6rh9i9il8vg7z2h1",
            "url": "https://github.com/bb010g/nur-packages"
        },
        "beam": {
            "date": null,
            "rev": "af6170db9d75949443d980d9da68bf0a7f13fe1e",
            "sha256": "0ylxra1ws5d6j1894sr7hk5j745bd3bfnbbp4gkcpapj3qkd7a4q",
            "url": "https://github.com/jechol/nix-beam"
        },
        "berbiche": {
            "date": null,
            "rev": "131bee026c049373ae7b9f78653e0ade609c239b",
            "sha256": "089wl5v125w3fbnvxrznqhvyknfc563difxwfpfacis4gy88l63z",
            "url": "https://github.com/berbiche/nur-packages"
        },
        "binarycat": {
            "date": null,
            "rev": "c201b70252c0c872a3f751495641c837d07002e6",
            "sha256": "08dprkxwwiyayh39qsxgwbl4xgjvi0nqw1dpqjb0axjc0ll9chz6",
            "url": "https://github.com/lolbinarycat/nur-packages"
        },
        "c0deaddict": {
            "date": null,
            "rev": "24268f1e461a7e846e9ea784c248cb6130f74ef6",
            "sha256": "1znx0nbz3kwrr8wxylc6mxl30g46dbzna6f8jh4s2wp4ac0qwfc8",
            "url": "https://github.com/c0deaddict/nur-packages"
        },
        "c2vi": {
            "date": null,
            "rev": "88e0950dc2a6de4b63c5cfb7738dbb0228d23715",
            "sha256": "12kb57w0lbzl2vd8z3jdvv74bprsf5r6fc3h2x8nrzc0kpqgn77c",
            "url": "https://github.com/c2vi/nixos"
        },
        "chagra": {
            "date": null,
            "rev": "48e11e3bb7df3aa9a23b309b543a47cbb29ee40b",
            "sha256": "18x03ga9l41nzj32nrmw39gssnza69inki0jh6bg4xv6mygmrdy2",
            "url": "https://github.com/ihebchagra/nur-packages"
        },
        "chrisoboe": {
            "date": null,
            "rev": "bedbb3623d3da586432cd1cc394f468fbcab4cd0",
            "sha256": "0r8ynfnpjfzlf2rc76gpylnk1qr0rbmb8didn732fpm327n5zjip",
            "url": "https://github.com/ChrisOboe/nurrepo"
        },
        "colinsane": {
            "date": null,
            "rev": "efcf8639dc4ebfd4374cf483f9a007d22bd310f1",
            "sha256": "1zrrqpk23mjvl9jcak424xxaj33pi7bxwjnh4q0qyk39718mdvpl",
            "url": "https://git.uninsane.org/colin/nix-files"
        },
        "crazedprogrammer": {
            "date": null,
            "rev": "41d28a72efe277404d38a821fcf2211ab0f08f66",
            "sha256": "13z0c0fi0qv56f6x73v54rfbrxa2x0i8kcgpgknwjpvgcn3pr873",
            "url": "https://github.com/CrazedProgrammer/nix"
        },
        "dandellion": {
            "date": null,
            "rev": "7e85f62e40cd585ce81fa1f3debd5385bb0cad03",
            "sha256": "1m64i6d898v306vfkzm4v63wd56gwm9yvw1lqhr51g0lgk5jhb6v",
            "url": "https://git.dodsorf.as/Dandellion/NUR"
        },
        "darkkirb": {
            "date": null,
            "rev": "7255c1605ce7018b95a9d62bcc56d78ccaebd0f7",
            "sha256": "0l2i2dbnagf99gim6zrbwnmak5szjbq25171hsl5634cadlz02d4",
            "url": "https://git.chir.rs/darkkirb/nix-packages"
        },
        "dezgeg": {
            "date": null,
            "rev": "2d1018064f60640b6dcc2201efcfc9d0a92a7889",
            "sha256": "0x9q6zdw56sldffqhyvwdx64bjzw5yb6idag4ggrf6ivisrvyszy",
            "url": "https://github.com/dezgeg/nur-packages"
        },
        "dguibert": {
            "date": null,
            "rev": "06fa703ca5e01358f746773bfc764641a2b0381e",
            "sha256": "0wq83lmk2wfm7jf2mv1zna0ijv3k3v7xbpf3y06xndkgd0w7952a",
            "url": "https://github.com/dguibert/nur-packages"
        },
        "dschrempf": {
            "date": null,
            "rev": "0116e7d3171bd1051cb55b92835b4aa1a7c39a2b",
            "sha256": "0cqzxfbx0rbkf7mxnr65kmy25gqx1nhahp7w5aswn9hd540f2r55",
            "url": "https://github.com/dschrempf/nur-packages"
        },
        "dtz": {
            "date": null,
            "rev": "dabf4820ee5b3203cf29e7d81c62b26a33a91692",
            "sha256": "1fs5vsw494a5vr0drnzrw5sfzb20l783x02zx0hyfahyvs8l0mvj",
            "url": "https://github.com/dtzWill/nur-packages"
        },
        "dywedir": {
            "date": null,
            "rev": "0ed84710caa8ea218d12a3a3c154733ec9c5d02f",
            "sha256": "0rk8p68v75g5p3bqp3azd86ivi5z8vdv0dar9rjmws5s34r9dd10",
            "url": "https://github.com/dywedir/nur-packages"
        },
        "emiller88": {
            "date": null,
            "rev": "0e0450a7b5e653ecb7bf72103e4374d1e91c6c17",
            "sha256": "08hczl8k44dxdxfr234dfv6qnakirvxx7jmfbf7hzqzpiyd8jahq",
            "url": "https://github.com/emiller88/nur-packages"
        },
        "eownerdead": {
            "date": null,
            "rev": "49500cb8e32e601aa71c335c1cd9f2fc81d17e12",
            "sha256": "1sh7zifhb47zq7v1bv9r5v1krrls2wmf729bsyaqh9ylhl7bq22b",
            "url": "https://codeberg.org/eownerdead/flakes"
        },
        "extends": {
            "date": null,
            "rev": "cb5dd151c29b15c0b462ba206198be17ced19f39",
            "sha256": "0jl4rrizsgmh3bjnqkjl2n2ii3c0r73sb0gsw6hx9iga75c6801i",
            "url": "https://github.com/ImExtends/nur-packages-template"
        },
        "fgaz": {
            "date": null,
            "rev": "4d8f25814921b521817b7630fcaba267119045de",
            "sha256": "13xxc3z1jdxim463qc2k1rg5f69jg61y39dmjm03c23hbaw0mhld",
            "url": "https://github.com/fgaz/nur-packages"
        },
        "fortuneteller2k": {
            "date": null,
            "rev": "4cd0dcc8fa4fdacf026605b24927884173d13f67",
            "sha256": "10igdf76hpkj7q3d4bpz6k1nlyq1nq77q9izg933yy74px4j1axf",
            "url": "https://github.com/fortuneteller2k/nur"
        },
        "geonix": {
            "date": null,
            "rev": "d80fde3e72b6afd4dd11d7b4dbdc25cd59e1e742",
            "sha256": "0i685xpbmg3c8r13va4mh0903kn66x746slf0gbnbbky25jmb7xn",
            "url": "https://github.com/imincik/geonix"
        },
        "htr": {
            "date": null,
            "rev": "49bb48aa7095b105483883c161eb19be3bc27ab8",
            "sha256": "196xyri0g9s84y2l6cynahrga7jwzvyndpiigxpbx9dml9m5dw11",
            "url": "https://github.com/htr/nur-packages"
        },
        "hutzdog": {
            "date": null,
            "rev": "93ba3ccc36d77760854eb12bbed6d86ae02555cf",
            "sha256": "1k06k4w7lkbhwlfws53k4srg57wav2sp74gix63n86mpmlkv5af6",
            "url": "https://git.sr.ht/~hutzdog/NUR"
        },
        "iagocq": {
            "date": null,
            "rev": "8a6ea267bec4244f2b266e218e2a24eae8ff2608",
            "sha256": "0m6fj37wrcvhzjqx7r5941ciycj72rycb689rqn98g5jkiph97qn",
            "url": "https://github.com/iagocq/nix"
        },
        "ijohanne": {
            "date": null,
            "rev": "a3d6c86051e574dd81bc13552ee5a22ba6a42467",
            "sha256": "0zhbjjab176wnavnps7mj33k2xrhnpiwwzv0ficz2qll3gbhlzcs",
            "url": "https://github.com/ijohanne/nur-packages"
        },
        "ilya-fedin": {
            "date": null,
            "rev": "c38212012d097d754a8671ecd4d050430dd88538",
            "sha256": "1cng1mdxq54z174j81vni8ll2y931jqzxhrmmycannlfaj7fa1a1",
            "url": "https://github.com/ilya-fedin/nur-repository"
        },
        "immae": {
            "date": null,
            "rev": "9951b235a76800a572ea30793126b7dd8cdf3f0d",
            "sha256": "05irxc736ahckv4cn1f0l2cprwqx6h56m2a61ipjr795h72gmlcd",
            "url": "https://git.immae.eu/perso/Immae/Config/Nix/NUR.git"
        },
        "ivar": {
            "date": null,
            "rev": "8e0efd92a5c251b8d3a474869ba86b349e71da27",
            "sha256": "0fgl39ls6iqh9vhk1za1j0f4scdafwvczyb2krls3f9y2iq7603n",
            "url": "https://github.com/IvarWithoutBones/NUR"
        },
        "izorkin": {
            "date": null,
            "rev": "fcd745b1502604ab28258555f576ad9c24ae527e",
            "sha256": "1j16sr4x052sklaajps1kkpkbxw719ryi7np11xlk2rplvb4gany",
            "url": "https://github.com/Izorkin/nur-packages"
        },
        "jakobrs": {
            "date": null,
            "rev": "7bd8e62ecab7891f7b9c3aaa23aaefd884755ba0",
            "sha256": "118fyji32az9iwn5lr5h2kz073h7zbk27zzh18z0qhhism83kwlh",
            "url": "https://github.com/jakobrs/nur-packages"
        },
        "jbarthelmes": {
            "date": null,
            "rev": "64340769e8da95b4289916c9798c902f0256cac5",
            "sha256": "1xx8h2ylr2bgypwpzaqhq34v80wc1kpd3jdciayc9i9cc75r3a1n",
            "url": "https://github.com/jbarthelmes/nur-packages"
        },
        "jeffguorg": {
            "date": null,
            "rev": "0e1a4e7136eb0f1763f3ca890bc2a34b0f68961a",
            "sha256": "15q29xsfhhpqbgp2i04c334gwvrcc3w8bivipmhacrxkf4rlxfc3",
            "url": "https://github.com/jeffguorg/nur-packages"
        },
        "johnazoidberg": {
            "date": null,
            "rev": "6072b24e77fd188298c3eeff991cf0f53598d897",
            "sha256": "0w29fgf07bqzb52m4awqnmjy3nqms9xhp8zv4b0m2dj0cmc2xhm4",
            "url": "https://github.com/JohnAZoidberg/nur-packages"
        },
        "jomik": {
            "date": null,
            "rev": "dd2803ccca8783fa0f8fd57480f647d7dc1bebbe",
            "sha256": "1y8ha4s4gmybjgq1nbn0352cpj8gxsgm54gzx9jr5aih033bf97q",
            "url": "https://gitlab.com/jomik/nur-expressions"
        },
        "jorsn": {
            "date": null,
            "rev": "295b26bbd3b2c22b91511ed9d90ff428038795a1",
            "sha256": "0wd4b7asb8xn8k03clqq9lf027zwjpp85psy7qsi9p7iyrnn2h2c",
            "url": "https://github.com/jorsn/nur-packages"
        },
        "kalbasit": {
            "date": null,
            "rev": "ec36231f610767a1dec8e2a735d355d02654cc70",
            "sha256": "1qn8pzii5hgddlnj28gf0nkz5w6w67mmkv3vx7fkq7gj274291q0",
            "url": "https://github.com/kalbasit/nur-packages"
        },
        "kapack": {
            "date": null,
            "rev": "052fb35eb29228d9e4ea8afa09e9f0e390782cbd",
            "sha256": "0bvsgm5wv5zh3isi51sxhyryxh6g0x29id4f68c07nwvsq6qlmr9",
            "url": "https://github.com/oar-team/nur-kapack"
        },
        "kolloch": {
            "date": null,
            "rev": "606ac0cb71f21626c8ffd9f43a0b950d874696c5",
            "sha256": "08izwrpa2nrgb0gnixpynm7s5kkmcj22kx9mjmjp6ppzwgph0nvw",
            "url": "https://github.com/kolloch/nur-packages"
        },
        "kreisys": {
            "date": null,
            "rev": "5481e902798f3fcecc8b71f25707822feec8ce16",
            "sha256": "1qbfzmq0jfrdhnlwx8gvz8xl0fm09rhyy1kn7ldqpb58s4nqhkc5",
            "submodules": true,
            "url": "https://github.com/kreisys/nur-packages"
        },
        "lucasew": {
            "date": null,
            "rev": "c6c9d5932da7aa4ad46e2ae2286bc1451113d68c",
            "sha256": "1mhhiaj3gfs28v6819fk1cfk9qlygpjr623ckwmrvidr5jfa64gr",
            "url": "https://github.com/lucasew/nixcfg"
        },
        "lykos153": {
            "date": null,
            "rev": "0925d173c8513f0f89095b83577e182b750290a6",
            "sha256": "0zxm26k40326wbzljmn4bp80rz62j7nwymf9a6yb2gfn8qnfd8r6",
            "url": "https://github.com/Lykos153/nur-packages"
        },
        "m15a": {
            "date": null,
            "rev": "7ee7f3169a757302a2948bc9420e150c12c96777",
            "sha256": "1725mqr5d67bb87sg9y22gb39fas22cq541rvpxq3blvrczs175c",
            "submodules": true,
            "url": "https://github.com/m15a/nur-packages"
        },
        "makefu": {
            "date": null,
            "rev": "272cf1ad3b3da0e30b5435f2425f39bed616b080",
            "sha256": "1h3w9h6vin5ljxf7xhlzc5y7kdrhx129d7926vq65c5ckxk2mgl8",
            "url": "https://github.com/makefu/nur-packages"
        },
        "marsupialgutz": {
            "date": null,
            "rev": "e45c3fc04279677f38afb5f5668e108ab1fa4d76",
            "sha256": "0py067hy2p3l9difciba88k9s4l25kbachsjydwywfbhbxz9d9zc",
            "url": "https://github.com/marsupialgutz/nur-pkgs"
        },
        "marzipankaiser": {
            "date": null,
            "rev": "2eeab71bd1bc66f9231a512bb1f529c1aedeab32",
            "sha256": "1nwpcj819dbfgl9c3bq4r3mhby09jj77hhn9klfc0yjim80yhkvv",
            "url": "https://github.com/marzipankaiser/nur-packages"
        },
        "matthewbauer": {
            "date": null,
            "rev": "21b678d31d567730921dd932fef6682694715b65",
            "sha256": "0h5al1rd3pklk5m76g47l5c34l272grappbaracxi9ryzmsxckc4",
            "url": "https://github.com/matthewbauer/nur-packages"
        },
        "mhuesch": {
            "date": null,
            "rev": "83b0ba76173dcc88f2b4b617efeae1fba1b08994",
            "sha256": "1lkghpyf4pvdw9jwf215j64055jvciyjaa0xx9kh87861plw80qm",
            "url": "https://github.com/mhuesch/nur-packages"
        },
        "milahu": {
            "date": null,
            "rev": "43db7fb6d68ead49cc1ef27ce528eb3e26967527",
            "sha256": "0ln48mjfv4awfjhiz7jdf765bgvv7birb7hy6q75l0vqm2fnmii0",
            "submodules": true,
            "url": "https://github.com/milahu/nur-packages"
        },
        "misterio": {
            "date": null,
            "rev": "c1ee5c7310e3993b13522714d8c9cbc39d47d7eb",
            "sha256": "10fc8ik6jmsjf1kayfnhnn05iiawaf12fa5gj0w74y2787s1q13n",
            "url": "https://git.sr.ht/~misterio/nix-config"
        },
        "mmilata": {
            "date": null,
            "rev": "0265f31dfec8114dfd7aad64b19f7b66a68dfb73",
            "sha256": "0saqrcxz74hpq0w3ms7fns9rmfr0mb3mgh4mff4sapjn0dkls187",
            "url": "https://github.com/mmilata/nur-packages"
        },
        "moredhel": {
            "date": null,
            "rev": "0efec61d26ae2e84bf14fb4697e390cc971ca574",
            "sha256": "1w9kqdv9z8phbw5ypxaaz1pbnwsnbl7ybbkghlshk4xqamkcblr0",
            "url": "https://github.com/moredhel/nur-packages"
        },
        "mrVanDalo": {
            "date": null,
            "rev": "c7b6135617e50ab0bd9485fd46d7bb4245da41e9",
            "sha256": "1i8ykqy8s37h09l0061rpmp4paw5gcvmf757pi6cvs77w98b34ps",
            "url": "https://github.com/mrVanDalo/nur-packages"
        },
        "n1kolasM": {
            "date": null,
            "rev": "9e6c706e1e476f42aae9c8de0a676c3fca368a55",
            "sha256": "1gdfyjpmh6ys81psmryh8y3n3rji4rfwmlfj0xjf8r4q41ld58h8",
            "url": "https://github.com/n1kolasM/nur-packages"
        },
        "nasirhm": {
            "date": null,
            "rev": "92368d5911774f79c701e1a22eeb060a512473f5",
            "sha256": "0dii4a2xqww3l6qwb2kszm6i44k4hp7v2x7z87flgc09lgd8pd4z",
            "url": "https://github.com/nasirhm/nasirhmpkgs"
        },
        "nix-geht": {
            "date": null,
            "rev": "726c009be6038c19566ff4c589e0c10a6f69754f",
            "sha256": "0hqi31l1wgg7lsm3rdp0zq810h68wjq77693py03iaym6gpn8rx0",
            "url": "https://github.com/vifino/nix-geht"
        },
        "noneucat": {
            "date": null,
            "rev": "3211ca63ce22fe86dd1462cc550fd6605614b246",
            "sha256": "1y4jbw9vq3dndcr608v56q1fhkfwyjrgpbi2ry4wyfgia2ylclm1",
            "url": "https://git.sr.ht/~noneucat/nur-packages"
        },
        "oluceps": {
            "date": null,
            "rev": "e96d256d5e498ef78e4f785995d584d87ecbcb9d",
            "sha256": "1ms9zzkg771d7hn0rznpc0b4nvmj15vakbzjfg7ff0z6xmgm3cqm",
            "url": "https://github.com/oluceps/nur-pkgs"
        },
        "onny": {
            "date": null,
            "rev": "fd235f64549e38c399006f2a29b25fa810e76415",
            "sha256": "0j3kmiacz4ngpkxzx51vv267b42rcz7kzymy6hbj8ss1s32yn97v",
            "url": "https://git.project-insanity.org/onny/nur-packages"
        },
        "p3psi": {
            "date": null,
            "rev": "619c9af3bd3e1b444d25ed14e84ccb03df6ad1c1",
            "sha256": "1ayg7zji7z0m2hwr1vw46kgl0xd8njyg7zkw6yh8zfiw3sf2q2cp",
            "url": "https://github.com/p3psi-boo/p3psi-nur"
        },
        "peel": {
            "date": null,
            "rev": "edca34098808717772878ea0ba0e1bc6f0b736ed",
            "sha256": "087j44av1cx3ipr1gw3va1jn6pzs6k2im4j9dlajiv29gypczjk6",
            "url": "https://github.com/peel/nur-packages"
        },
        "piensa": {
            "date": null,
            "rev": "1cd5f5928ed2a643e10d065adff0822371cbf4bc",
            "sha256": "1jrxki13mv4m2vbs2fz03lyidp1pi7fqrhmdbw1z4jhlwn2agnvg",
            "url": "https://github.com/piensa/nur-packages"
        },
        "pn": {
            "date": null,
            "rev": "06b78a6d42bd0f2d0cc1adccbe7d0e40214e46d1",
            "sha256": "1q9i2cg74ihbkcfayl5p89jk004xaq1k2ra7c88v48bshwgb3al8",
            "url": "https://github.com/pniedzwiedzinski/pnpkgs"
        },
        "polykernel": {
            "date": null,
            "rev": "1625b566051fe102ca099d8f5965a94afbbb4b15",
            "sha256": "1rzajj71lmxny6jggzg8788lyx1jq74fs37zi2cgybm0hnj6zl85",
            "url": "https://github.com/polykernel/nur-packages"
        },
        "pschuprikov": {
            "date": null,
            "rev": "a2823f74f2109c4b7382834bb9689ef7e03850ab",
            "sha256": "0b459vm0j5zcir9sprnl5rvqgwdwmqj3a1k2hvy688ixa39ws69d",
            "url": "https://github.com/pschuprikov/nur-packages"
        },
        "psiquo": {
            "date": null,
            "rev": "ed0e4e4ebee0051a581c6bd7d0332b19d7ef274c",
            "sha256": "0b97399sa7nnyjhpphgljkpghg437dadz0mhzy51nrz5njgm6cl3",
            "url": "https://github.com/psiquo/nur-derivations"
        },
        "qchem": {
            "date": null,
            "rev": "8efe36be192a7abc5afb5d0c7ef562c0c946a6c1",
            "sha256": "06v0yzzmm5ibi6fjpmym683pzxf1rx88zvawzd9mnwkhnbdmi4h0",
            "url": "https://github.com/markuskowa/NixOS-QChem"
        },
        "rummik": {
            "date": null,
            "rev": "1959186c289a3b7a110e89dad51de768134f3246",
            "sha256": "0j2mbd161p6fg4pr7hcim11igzdg6yar88ymkqgwahivzc5yam21",
            "url": "https://gitlab.com/rummik/nixos/nur-packages"
        },
        "rycee": {
            "date": null,
            "rev": "463d1bbff4c5fd5fd18c92d0ccd86de6f81308a6",
            "sha256": "1hvn4vd37g5wpkjjlz1dvxyg1rqxvrha9zvgirz6i502s16qlih2",
            "url": "https://gitlab.com/rycee/nur-expressions"
        },
        "sgo": {
            "date": null,
            "rev": "89b0726d252e36cb5130d45a8312f6f96639bcc3",
            "sha256": "1x84yrhffzpinlq267c293dv5crrrihx0fykdpj5m9sh0s4s4vm6",
            "url": "https://github.com/stigtsp/nur"
        },
        "shamilton": {
            "date": null,
            "rev": "44c21837497037d265cda279cc3a82131b0d76ab",
            "sha256": "128hmax8inbggkr469gaw8k5m4skq8fxp20kfh1phsa5xiwxdiyp",
            "url": "https://github.com/SCOTT-HAMILTON/nur-packages"
        },
        "some-pkgs": {
            "date": null,
            "rev": "2854b06bdf2aec54cd4e91ea006ede90d20d5b07",
            "sha256": "0l5i8ncg61hs65c0jn857j7n56mrx99xn8zhv76327d6mddjf56l",
            "url": "https://github.com/SomeoneSerge/pkgs"
        },
        "sondr3": {
            "date": null,
            "rev": "af1c3aa32d95f54ae0e4052d1b2d46138c0ac0df",
            "sha256": "1wfgyb3qpgb4lh0bxdi7q66y9gj6giapa5sgqy70y1j296lxqnqi",
            "url": "https://github.com/sondr3/nix-expressions"
        },
        "stupremee": {
            "date": null,
            "rev": "8ea430cd798b8a39f9d5af2d68ee2f020ecd25d9",
            "sha256": "1cdqmc0plh66s9sgsxlbbra8p74d0iayah8vb6i9hiliiviq9kkg",
            "url": "https://github.com/Stupremee/nur-packages"
        },
        "tilpner": {
            "date": null,
            "rev": "efccb862d0a95908ea88b4ba2fe183fd6d55daae",
            "sha256": "0qljay84k2z5ci32g1limirijacvsrmzsqbwr1qwn7r5id8gzr9f",
            "url": "https://github.com/tilpner/nur-packages"
        },
        "tox": {
            "date": null,
            "rev": "4e7ae501331e081f1679e657bbe9d6067f179db5",
            "sha256": "18gcn013rl41c9asc2c11l2kgl3w7nw1f9h1kqcf0hya0q4066b2",
            "url": "https://github.com/tox-rs/nur-tox"
        },
        "trevorriles": {
            "date": null,
            "rev": "f45e5a2ab2f29c9b7e7eee6c62289db755545329",
            "sha256": "1pv53mxn5ci76lzvabrkqcvd9nnpsqkqs2wzdwrh3r394zfjp22h",
            "url": "https://github.com/trevorriles/nur-packages"
        },
        "uleenucks": {
            "date": null,
            "rev": "2e0c90538f4eb161fdab76d0d71301d1c7040833",
            "sha256": "0203851sfwpz596sn9ksan3iqxlzygz8hng6j0kzlp8hvp8jrckl",
            "url": "https://github.com/uleenucks/nurpkgs"
        },
        "vdemeester": {
            "date": null,
            "rev": "c272004fec5ce13f47dcda7336c290ff986d7903",
            "sha256": "0yznhpykmgacq9xr70cy200n69izzaqjm7q0pv077yrsxi003xwl",
            "url": "https://gitlab.com/vdemeester/home"
        },
        "vojtechstep": {
            "date": null,
            "rev": "aa9ace5174ee2c2c87ae5d1b56e35dcec2584bb5",
            "sha256": "0fdzr0qpijhd3nsqlzy126ahrq58pvgx8qqzx7a0ls4vrfcs5xx4",
            "url": "https://github.com/VojtechStep/vspkgs"
        },
        "vroad": {
            "date": null,
            "rev": "069b8e15aad2424f528c8a5a205464bc302214ba",
            "sha256": "0kxfi9idgihqk9vc1phk4v84v2xgaavbbi29h59sv8w8xsn4srbl",
            "url": "https://github.com/vroad/nur-packages"
        },
        "wenjinnn": {
            "date": null,
            "rev": "899989c24177623358b043afa47e34425b2b8597",
            "sha256": "118nq692z9br52isf0p71gyl8x703lvrym41zbgi048djbmxh72q",
            "url": "https://github.com/wenjinnn/nur-packages"
        },
        "xe": {
            "date": null,
            "rev": "5be834d0cfe1abedaaf9fd8ae20764649930df24",
            "sha256": "1kcs2n2wa9wa3i69m4jhlrzi514clarcmm8nbyfa564pymgw92yb",
            "url": "https://github.com/Xe/xepkgs"
        },
        "yellowonion": {
            "date": null,
            "rev": "8463c32cc2cbc3b16a2dd9470529d01b959cb95d",
            "sha256": "08wradinzhan3qq57ixzwqvgvdq7nls950vbfw0nw5p172a79j62",
            "url": "https://github.com/yellowonion/nur-bcachefs"
        }
    }
}