{
    "repos": {
        "1235467": {
            "rev": "319542090cc81f459d0f6c7264c63c4ba9fe0eb7",
            "sha256": "0l35h9cbl4mzcw73hrjcjya2aqg2xgvnd2v4d8m4mwh3pvhqygzp",
            "url": "https://github.com/1235467/nurpkgs"
        },
        "aasg": {
            "rev": "159f12cd8855fc005d045897d715ceb6ab20425a",
            "sha256": "0skgvrls4ak6nhq8d51qsvf4qwz4x70d5d9svm3v8s8vikad8fz5",
            "url": "https://git.sr.ht/~aasg/nixexprs"
        },
        "ambroisie": {
            "rev": "6812d777cf787f39b43df968ee77dcd09109b309",
            "sha256": "1hpz81a4hz9dfyix6i18aw0qpyarx9n17jrbn3rh1ri18w6cgv5r",
            "url": "https://github.com/ambroisie/nix-config"
        },
        "awl-fcarza": {
            "rev": "7aa113aef4e3dcffdf51e4dbf5d678d27f286018",
            "sha256": "02w319ca1nl2fgjz3cj3ksi3gv8r3202wb288098mgqylq84fvdc",
            "url": "https://github.com/francescocarzaniga/awl-fcarza"
        },
        "bandithedoge": {
            "rev": "b3a39c061a115437f36751a29fea9fed6c3a59b6",
            "sha256": "05v4xdfrqwmplag7cl3igcbsdnqpla1sgrlzpzr8fb5cp7bq5ixv",
            "url": "https://github.com/bandithedoge/nur-packages"
        },
        "bb010g": {
            "rev": "5934882a2a0974cf5f5fc259414080285fce1f65",
            "sha256": "0h4p1yvv685ag3b59ym045nd1k8rfi5qfrlj6rh9i9il8vg7z2h1",
            "url": "https://github.com/bb010g/nur-packages"
        },
        "beam": {
            "rev": "af6170db9d75949443d980d9da68bf0a7f13fe1e",
            "sha256": "0ylxra1ws5d6j1894sr7hk5j745bd3bfnbbp4gkcpapj3qkd7a4q",
            "url": "https://github.com/jechol/nix-beam"
        },
        "berbiche": {
            "rev": "131bee026c049373ae7b9f78653e0ade609c239b",
            "sha256": "089wl5v125w3fbnvxrznqhvyknfc563difxwfpfacis4gy88l63z",
            "url": "https://github.com/berbiche/nur-packages"
        },
        "binarycat": {
            "rev": "c201b70252c0c872a3f751495641c837d07002e6",
            "sha256": "08dprkxwwiyayh39qsxgwbl4xgjvi0nqw1dpqjb0axjc0ll9chz6",
            "url": "https://github.com/lolbinarycat/nur-packages"
        },
        "c0deaddict": {
            "rev": "24268f1e461a7e846e9ea784c248cb6130f74ef6",
            "sha256": "1znx0nbz3kwrr8wxylc6mxl30g46dbzna6f8jh4s2wp4ac0qwfc8",
            "url": "https://github.com/c0deaddict/nur-packages"
        },
        "caarlos0": {
            "rev": "a331639906c5b9919f36bccb2cd3194cae7230a6",
            "sha256": "05hj8g0y58mbg140mp9y1b5ih73fcgbgchqg60f3m4y4qwl6f2w1",
            "url": "https://github.com/caarlos0/nur"
        },
        "chagra": {
            "rev": "48e11e3bb7df3aa9a23b309b543a47cbb29ee40b",
            "sha256": "18x03ga9l41nzj32nrmw39gssnza69inki0jh6bg4xv6mygmrdy2",
            "url": "https://github.com/ihebchagra/nur-packages"
        },
        "chrisoboe": {
            "rev": "bedbb3623d3da586432cd1cc394f468fbcab4cd0",
            "sha256": "0r8ynfnpjfzlf2rc76gpylnk1qr0rbmb8didn732fpm327n5zjip",
            "url": "https://github.com/ChrisOboe/nurrepo"
        },
        "crazedprogrammer": {
            "rev": "41d28a72efe277404d38a821fcf2211ab0f08f66",
            "sha256": "13z0c0fi0qv56f6x73v54rfbrxa2x0i8kcgpgknwjpvgcn3pr873",
            "url": "https://github.com/CrazedProgrammer/nix"
        },
        "cryolitia": {
            "rev": "ac001bc6ee714b523dbf51ac286e6254b2d5df29",
            "sha256": "1vjvfzgm6kf52c63wlkc0wc114qsd6s6qdrgmpgvrfgv2vhkq0is",
            "url": "https://github.com/Cryolitia/nur-packages"
        },
        "dandellion": {
            "rev": "7e85f62e40cd585ce81fa1f3debd5385bb0cad03",
            "sha256": "1m64i6d898v306vfkzm4v63wd56gwm9yvw1lqhr51g0lgk5jhb6v",
            "url": "https://git.dodsorf.as/Dandellion/NUR"
        },
        "darkkirb": {
            "rev": "7255c1605ce7018b95a9d62bcc56d78ccaebd0f7",
            "sha256": "0l2i2dbnagf99gim6zrbwnmak5szjbq25171hsl5634cadlz02d4",
            "url": "https://git.chir.rs/darkkirb/nix-packages"
        },
        "dezgeg": {
            "rev": "2d1018064f60640b6dcc2201efcfc9d0a92a7889",
            "sha256": "0x9q6zdw56sldffqhyvwdx64bjzw5yb6idag4ggrf6ivisrvyszy",
            "url": "https://github.com/dezgeg/nur-packages"
        },
        "dguibert": {
            "rev": "8a17e87ebc65660672cafd99ff608d39c6e3a450",
            "sha256": "1164wc5wckri8zf4na19d1w3nc2wvg8hh2fxcxdw5dwpm4v0xgh5",
            "url": "https://github.com/dguibert/nur-packages"
        },
        "dschrempf": {
            "rev": "792ae2ac37e7513c228979eca0aa9c6b82816188",
            "sha256": "17p7bhd4jvkifvq2h3gsca8jks3bfb25n973bw87p8332qpq8dnm",
            "url": "https://github.com/dschrempf/nur-packages"
        },
        "dtz": {
            "rev": "dabf4820ee5b3203cf29e7d81c62b26a33a91692",
            "sha256": "1fs5vsw494a5vr0drnzrw5sfzb20l783x02zx0hyfahyvs8l0mvj",
            "url": "https://github.com/dtzWill/nur-packages"
        },
        "dywedir": {
            "rev": "0ed84710caa8ea218d12a3a3c154733ec9c5d02f",
            "sha256": "0rk8p68v75g5p3bqp3azd86ivi5z8vdv0dar9rjmws5s34r9dd10",
            "url": "https://github.com/dywedir/nur-packages"
        },
        "emiller88": {
            "rev": "0e0450a7b5e653ecb7bf72103e4374d1e91c6c17",
            "sha256": "08hczl8k44dxdxfr234dfv6qnakirvxx7jmfbf7hzqzpiyd8jahq",
            "url": "https://github.com/emiller88/nur-packages"
        },
        "extends": {
            "rev": "cb5dd151c29b15c0b462ba206198be17ced19f39",
            "sha256": "0jl4rrizsgmh3bjnqkjl2n2ii3c0r73sb0gsw6hx9iga75c6801i",
            "url": "https://github.com/ImExtends/nur-packages-template"
        },
        "fgaz": {
            "rev": "4d8f25814921b521817b7630fcaba267119045de",
            "sha256": "13xxc3z1jdxim463qc2k1rg5f69jg61y39dmjm03c23hbaw0mhld",
            "url": "https://github.com/fgaz/nur-packages"
        },
        "fortuneteller2k": {
            "rev": "4cd0dcc8fa4fdacf026605b24927884173d13f67",
            "sha256": "10igdf76hpkj7q3d4bpz6k1nlyq1nq77q9izg933yy74px4j1axf",
            "url": "https://github.com/fortuneteller2k/nur"
        },
        "genesis": {
            "rev": "c9146820ce44003d18b6d0e61b1177cfdfe2548e",
            "sha256": "0pnqnxp1iyzksrc1vjp4107b683j1wc7bp8qdv2s32lmrvvf6kfl",
            "url": "https://github.com/bignaux/nur-packages"
        },
        "geonix": {
            "rev": "6ddf2b192780bf89b1228ce27ba54b3685ae12b8",
            "sha256": "0cspj235xhs05fvp551j2g14q2z196b84fbmwz3mpc9485b530cj",
            "url": "https://github.com/imincik/geonix"
        },
        "htr": {
            "rev": "49bb48aa7095b105483883c161eb19be3bc27ab8",
            "sha256": "196xyri0g9s84y2l6cynahrga7jwzvyndpiigxpbx9dml9m5dw11",
            "url": "https://github.com/htr/nur-packages"
        },
        "hutzdog": {
            "rev": "93ba3ccc36d77760854eb12bbed6d86ae02555cf",
            "sha256": "1k06k4w7lkbhwlfws53k4srg57wav2sp74gix63n86mpmlkv5af6",
            "url": "https://git.sr.ht/~hutzdog/NUR"
        },
        "iagocq": {
            "rev": "8a6ea267bec4244f2b266e218e2a24eae8ff2608",
            "sha256": "0m6fj37wrcvhzjqx7r5941ciycj72rycb689rqn98g5jkiph97qn",
            "url": "https://github.com/iagocq/nix"
        },
        "ijohanne": {
            "rev": "a3d6c86051e574dd81bc13552ee5a22ba6a42467",
            "sha256": "0zhbjjab176wnavnps7mj33k2xrhnpiwwzv0ficz2qll3gbhlzcs",
            "url": "https://github.com/ijohanne/nur-packages"
        },
        "ilya-fedin": {
            "rev": "c8760045f0d695f5961a4faa1c5d6f30e0ee7d36",
            "sha256": "0xbzd83rg3cqdwkpp6pxqgkd0js5fib4apw21mxg5pr0z2a3hrrz",
            "url": "https://github.com/ilya-fedin/nur-repository"
        },
        "immae": {
            "rev": "9951b235a76800a572ea30793126b7dd8cdf3f0d",
            "sha256": "05irxc736ahckv4cn1f0l2cprwqx6h56m2a61ipjr795h72gmlcd",
            "url": "https://git.immae.eu/perso/Immae/Config/Nix/NUR.git"
        },
        "ivar": {
            "rev": "8e0efd92a5c251b8d3a474869ba86b349e71da27",
            "sha256": "0fgl39ls6iqh9vhk1za1j0f4scdafwvczyb2krls3f9y2iq7603n",
            "url": "https://github.com/IvarWithoutBones/NUR"
        },
        "izorkin": {
            "rev": "fcd745b1502604ab28258555f576ad9c24ae527e",
            "sha256": "1j16sr4x052sklaajps1kkpkbxw719ryi7np11xlk2rplvb4gany",
            "url": "https://github.com/Izorkin/nur-packages"
        },
        "jakobrs": {
            "rev": "7bd8e62ecab7891f7b9c3aaa23aaefd884755ba0",
            "sha256": "118fyji32az9iwn5lr5h2kz073h7zbk27zzh18z0qhhism83kwlh",
            "url": "https://github.com/jakobrs/nur-packages"
        },
        "jbarthelmes": {
            "rev": "64340769e8da95b4289916c9798c902f0256cac5",
            "sha256": "1xx8h2ylr2bgypwpzaqhq34v80wc1kpd3jdciayc9i9cc75r3a1n",
            "url": "https://github.com/jbarthelmes/nur-packages"
        },
        "johnazoidberg": {
            "rev": "6072b24e77fd188298c3eeff991cf0f53598d897",
            "sha256": "0w29fgf07bqzb52m4awqnmjy3nqms9xhp8zv4b0m2dj0cmc2xhm4",
            "url": "https://github.com/JohnAZoidberg/nur-packages"
        },
        "jomik": {
            "rev": "dd2803ccca8783fa0f8fd57480f647d7dc1bebbe",
            "sha256": "1y8ha4s4gmybjgq1nbn0352cpj8gxsgm54gzx9jr5aih033bf97q",
            "url": "https://gitlab.com/jomik/nur-expressions"
        },
        "jorsn": {
            "rev": "295b26bbd3b2c22b91511ed9d90ff428038795a1",
            "sha256": "0wd4b7asb8xn8k03clqq9lf027zwjpp85psy7qsi9p7iyrnn2h2c",
            "url": "https://github.com/jorsn/nur-packages"
        },
        "kalbasit": {
            "rev": "ec36231f610767a1dec8e2a735d355d02654cc70",
            "sha256": "1qn8pzii5hgddlnj28gf0nkz5w6w67mmkv3vx7fkq7gj274291q0",
            "url": "https://github.com/kalbasit/nur-packages"
        },
        "kapack": {
            "rev": "2c3f5d9f5078229de10394eead8f8ed28d17b6a9",
            "sha256": "0nig8qkvp7xrvjnja84zr6fy3jpwaclr2pdv9zw150b63w90dr3d",
            "url": "https://github.com/oar-team/nur-kapack"
        },
        "kira-bruneau": {
            "rev": "36164837513dca6010b0a363702fef5d3f07f22d",
            "sha256": "0yf9hr069wxl51d8f8z8bm9cij6wb4c772xpfazfyw9fi0f162bg",
            "url": "https://gitlab.com/kira-bruneau/nur-packages"
        },
        "kolloch": {
            "rev": "606ac0cb71f21626c8ffd9f43a0b950d874696c5",
            "sha256": "08izwrpa2nrgb0gnixpynm7s5kkmcj22kx9mjmjp6ppzwgph0nvw",
            "url": "https://github.com/kolloch/nur-packages"
        },
        "kreisys": {
            "rev": "5481e902798f3fcecc8b71f25707822feec8ce16",
            "sha256": "1qbfzmq0jfrdhnlwx8gvz8xl0fm09rhyy1kn7ldqpb58s4nqhkc5",
            "submodules": true,
            "url": "https://github.com/kreisys/nur-packages"
        },
        "lykos153": {
            "rev": "0925d173c8513f0f89095b83577e182b750290a6",
            "sha256": "0zxm26k40326wbzljmn4bp80rz62j7nwymf9a6yb2gfn8qnfd8r6",
            "url": "https://github.com/Lykos153/nur-packages"
        },
        "m15a": {
            "rev": "7ee7f3169a757302a2948bc9420e150c12c96777",
            "sha256": "1725mqr5d67bb87sg9y22gb39fas22cq541rvpxq3blvrczs175c",
            "submodules": true,
            "url": "https://github.com/m15a/nur-packages"
        },
        "makefu": {
            "rev": "272cf1ad3b3da0e30b5435f2425f39bed616b080",
            "sha256": "1h3w9h6vin5ljxf7xhlzc5y7kdrhx129d7926vq65c5ckxk2mgl8",
            "url": "https://github.com/makefu/nur-packages"
        },
        "marsupialgutz": {
            "rev": "e45c3fc04279677f38afb5f5668e108ab1fa4d76",
            "sha256": "0py067hy2p3l9difciba88k9s4l25kbachsjydwywfbhbxz9d9zc",
            "url": "https://github.com/marsupialgutz/nur-pkgs"
        },
        "marzipankaiser": {
            "rev": "2eeab71bd1bc66f9231a512bb1f529c1aedeab32",
            "sha256": "1nwpcj819dbfgl9c3bq4r3mhby09jj77hhn9klfc0yjim80yhkvv",
            "url": "https://github.com/marzipankaiser/nur-packages"
        },
        "matthewbauer": {
            "rev": "21b678d31d567730921dd932fef6682694715b65",
            "sha256": "0h5al1rd3pklk5m76g47l5c34l272grappbaracxi9ryzmsxckc4",
            "url": "https://github.com/matthewbauer/nur-packages"
        },
        "mhuesch": {
            "rev": "83b0ba76173dcc88f2b4b617efeae1fba1b08994",
            "sha256": "1lkghpyf4pvdw9jwf215j64055jvciyjaa0xx9kh87861plw80qm",
            "url": "https://github.com/mhuesch/nur-packages"
        },
        "misterio": {
            "rev": "c1ee5c7310e3993b13522714d8c9cbc39d47d7eb",
            "sha256": "10fc8ik6jmsjf1kayfnhnn05iiawaf12fa5gj0w74y2787s1q13n",
            "url": "https://git.sr.ht/~misterio/nix-config"
        },
        "mmilata": {
            "rev": "0265f31dfec8114dfd7aad64b19f7b66a68dfb73",
            "sha256": "0saqrcxz74hpq0w3ms7fns9rmfr0mb3mgh4mff4sapjn0dkls187",
            "url": "https://github.com/mmilata/nur-packages"
        },
        "moredhel": {
            "rev": "0efec61d26ae2e84bf14fb4697e390cc971ca574",
            "sha256": "1w9kqdv9z8phbw5ypxaaz1pbnwsnbl7ybbkghlshk4xqamkcblr0",
            "url": "https://github.com/moredhel/nur-packages"
        },
        "mrVanDalo": {
            "rev": "c7b6135617e50ab0bd9485fd46d7bb4245da41e9",
            "sha256": "1i8ykqy8s37h09l0061rpmp4paw5gcvmf757pi6cvs77w98b34ps",
            "url": "https://github.com/mrVanDalo/nur-packages"
        },
        "n1kolasM": {
            "rev": "9e6c706e1e476f42aae9c8de0a676c3fca368a55",
            "sha256": "1gdfyjpmh6ys81psmryh8y3n3rji4rfwmlfj0xjf8r4q41ld58h8",
            "url": "https://github.com/n1kolasM/nur-packages"
        },
        "nasirhm": {
            "rev": "92368d5911774f79c701e1a22eeb060a512473f5",
            "sha256": "0dii4a2xqww3l6qwb2kszm6i44k4hp7v2x7z87flgc09lgd8pd4z",
            "url": "https://github.com/nasirhm/nasirhmpkgs"
        },
        "nim65s": {
            "rev": "bfb95d721c26698c8eb8ea03f4829b9ea10235e9",
            "sha256": "0d6jj18r2pm4knx3pya4h3dzn626vx2p5xbpgsds5xd6knqhdcqg",
            "url": "https://github.com/nim65s/nur-packages"
        },
        "noneucat": {
            "rev": "3211ca63ce22fe86dd1462cc550fd6605614b246",
            "sha256": "1y4jbw9vq3dndcr608v56q1fhkfwyjrgpbi2ry4wyfgia2ylclm1",
            "url": "https://git.sr.ht/~noneucat/nur-packages"
        },
        "oluceps": {
            "rev": "8f8c2306b88421d134460ca0b0caadc3112f947e",
            "sha256": "08kg7bnq82kd8g7mrbjkch64q5jyd66hcgrcq5lzsxyxxfi9ad3m",
            "url": "https://github.com/oluceps/nur-pkgs"
        },
        "onny": {
            "rev": "fd235f64549e38c399006f2a29b25fa810e76415",
            "sha256": "0j3kmiacz4ngpkxzx51vv267b42rcz7kzymy6hbj8ss1s32yn97v",
            "url": "https://git.project-insanity.org/onny/nur-packages"
        },
        "p3psi": {
            "rev": "619c9af3bd3e1b444d25ed14e84ccb03df6ad1c1",
            "sha256": "1ayg7zji7z0m2hwr1vw46kgl0xd8njyg7zkw6yh8zfiw3sf2q2cp",
            "url": "https://github.com/p3psi-boo/p3psi-nur"
        },
        "peel": {
            "rev": "edca34098808717772878ea0ba0e1bc6f0b736ed",
            "sha256": "087j44av1cx3ipr1gw3va1jn6pzs6k2im4j9dlajiv29gypczjk6",
            "url": "https://github.com/peel/nur-packages"
        },
        "piensa": {
            "rev": "1cd5f5928ed2a643e10d065adff0822371cbf4bc",
            "sha256": "1jrxki13mv4m2vbs2fz03lyidp1pi7fqrhmdbw1z4jhlwn2agnvg",
            "url": "https://github.com/piensa/nur-packages"
        },
        "pn": {
            "rev": "06b78a6d42bd0f2d0cc1adccbe7d0e40214e46d1",
            "sha256": "1q9i2cg74ihbkcfayl5p89jk004xaq1k2ra7c88v48bshwgb3al8",
            "url": "https://github.com/pniedzwiedzinski/pnpkgs"
        },
        "pschuprikov": {
            "rev": "a2823f74f2109c4b7382834bb9689ef7e03850ab",
            "sha256": "0b459vm0j5zcir9sprnl5rvqgwdwmqj3a1k2hvy688ixa39ws69d",
            "url": "https://github.com/pschuprikov/nur-packages"
        },
        "psiquo": {
            "rev": "ed0e4e4ebee0051a581c6bd7d0332b19d7ef274c",
            "sha256": "0b97399sa7nnyjhpphgljkpghg437dadz0mhzy51nrz5njgm6cl3",
            "url": "https://github.com/psiquo/nur-derivations"
        },
        "qchem": {
            "rev": "62f3b8018c2696ac447d8805a5b281b50eea7e85",
            "sha256": "0k838b9pjs6ciq5a9xrcfk5887pdlbbdm6d28z6wy2p9rs10qi3k",
            "url": "https://github.com/markuskowa/NixOS-QChem"
        },
        "renesat": {
            "rev": "538f1a46f033e8ddaac85c00a41d35f9df852f77",
            "sha256": "0q10d4gnk4qnmkqz1mcqfz95qry2yindvzhy7s9m224a5wiyw6bh",
            "url": "https://github.com/renesat/nur-renesat"
        },
        "rummik": {
            "rev": "1959186c289a3b7a110e89dad51de768134f3246",
            "sha256": "0j2mbd161p6fg4pr7hcim11igzdg6yar88ymkqgwahivzc5yam21",
            "url": "https://gitlab.com/rummik/nixos/nur-packages"
        },
        "sgo": {
            "rev": "89b0726d252e36cb5130d45a8312f6f96639bcc3",
            "sha256": "1x84yrhffzpinlq267c293dv5crrrihx0fykdpj5m9sh0s4s4vm6",
            "url": "https://github.com/stigtsp/nur"
        },
        "shamilton": {
            "rev": "44c21837497037d265cda279cc3a82131b0d76ab",
            "sha256": "128hmax8inbggkr469gaw8k5m4skq8fxp20kfh1phsa5xiwxdiyp",
            "url": "https://github.com/SCOTT-HAMILTON/nur-packages"
        },
        "sikmir": {
            "rev": "1f9161a409718030346aeb0a5cbf3d21e26e4f39",
            "sha256": "0gwd5xgafh9d8ixbjv9c76xz19i70182w2d8lwmyl7q3l7lmf8vb",
            "url": "https://github.com/sikmir/nur-packages"
        },
        "some-pkgs": {
            "rev": "be12e8d87c9b1058f82f921a33c8463bdc5fcfdc",
            "sha256": "1cij9yl55blvzfxp11vhh6vg85hjhaj15rk32jzyzphnh8mszxp5",
            "url": "https://github.com/SomeoneSerge/pkgs"
        },
        "sondr3": {
            "rev": "af1c3aa32d95f54ae0e4052d1b2d46138c0ac0df",
            "sha256": "1wfgyb3qpgb4lh0bxdi7q66y9gj6giapa5sgqy70y1j296lxqnqi",
            "url": "https://github.com/sondr3/nix-expressions"
        },
        "stupremee": {
            "rev": "8ea430cd798b8a39f9d5af2d68ee2f020ecd25d9",
            "sha256": "1cdqmc0plh66s9sgsxlbbra8p74d0iayah8vb6i9hiliiviq9kkg",
            "url": "https://github.com/Stupremee/nur-packages"
        },
        "tilpner": {
            "rev": "efccb862d0a95908ea88b4ba2fe183fd6d55daae",
            "sha256": "0qljay84k2z5ci32g1limirijacvsrmzsqbwr1qwn7r5id8gzr9f",
            "url": "https://github.com/tilpner/nur-packages"
        },
        "tox": {
            "rev": "4e7ae501331e081f1679e657bbe9d6067f179db5",
            "sha256": "18gcn013rl41c9asc2c11l2kgl3w7nw1f9h1kqcf0hya0q4066b2",
            "url": "https://github.com/tox-rs/nur-tox"
        },
        "trevorriles": {
            "rev": "f45e5a2ab2f29c9b7e7eee6c62289db755545329",
            "sha256": "1pv53mxn5ci76lzvabrkqcvd9nnpsqkqs2wzdwrh3r394zfjp22h",
            "url": "https://github.com/trevorriles/nur-packages"
        },
        "uleenucks": {
            "rev": "2e0c90538f4eb161fdab76d0d71301d1c7040833",
            "sha256": "0203851sfwpz596sn9ksan3iqxlzygz8hng6j0kzlp8hvp8jrckl",
            "url": "https://github.com/uleenucks/nurpkgs"
        },
        "vdemeester": {
            "rev": "ca2dfff25f39a4abc2e279c12367058d49c48acc",
            "sha256": "0dxix78jv82z24v674is3swzyahvfk4ffa5bymdv7l161yh3k2bl",
            "url": "https://gitlab.com/vdemeester/home"
        },
        "vojtechstep": {
            "rev": "aa9ace5174ee2c2c87ae5d1b56e35dcec2584bb5",
            "sha256": "0fdzr0qpijhd3nsqlzy126ahrq58pvgx8qqzx7a0ls4vrfcs5xx4",
            "url": "https://github.com/VojtechStep/vspkgs"
        },
        "vroad": {
            "rev": "069b8e15aad2424f528c8a5a205464bc302214ba",
            "sha256": "0kxfi9idgihqk9vc1phk4v84v2xgaavbbi29h59sv8w8xsn4srbl",
            "url": "https://github.com/vroad/nur-packages"
        },
        "wolfangaukang": {
            "rev": "4de820f7f36605db0029f0fa0ae6af6b87038166",
            "sha256": "1yn08zpzz8wfphk9gyi06j09fzmgp3jlprnpgzgvarsk9j9830cj",
            "url": "https://codeberg.org/wolfangaukang/nix-agordoj.git"
        },
        "xe": {
            "rev": "5be834d0cfe1abedaaf9fd8ae20764649930df24",
            "sha256": "1kcs2n2wa9wa3i69m4jhlrzi514clarcmm8nbyfa564pymgw92yb",
            "url": "https://github.com/Xe/xepkgs"
        },
        "yellowonion": {
            "rev": "8463c32cc2cbc3b16a2dd9470529d01b959cb95d",
            "sha256": "08wradinzhan3qq57ixzwqvgvdq7nls950vbfw0nw5p172a79j62",
            "url": "https://github.com/yellowonion/nur-bcachefs"
        }
    }
}