{
    "repos": {
        "715d": {
            "date": null,
            "rev": "cac0f2a40970a5426ded37221775a23b92bbb5b1",
            "sha256": "1zp45kkv02anwqn2z123hcfcb4fqzkqrp7fc0v158sdzirb7glgg",
            "url": "https://github.com/715d/nur"
        },
        "Adamekka": {
            "date": null,
            "rev": "85581671fc8fa1fb9cab0d620b17cbcb1930af4c",
            "sha256": "1ks08qkzpg7w0zjd30nnwv2qavhrg02r14w64s2fg0s6isdd9540",
            "url": "https://github.com/Adamekka/nur-packages"
        },
        "AstroOrbis": {
            "date": null,
            "rev": "cfd9f2f9728a2644d9204078d1918593bc6fe580",
            "sha256": "1xha4qd8pv3yxcjs3bdfmmi16nac22sffa4kv68nk0pivkrv5r4a",
            "url": "https://github.com/AstroOrbis/nur"
        },
        "DzmingLi": {
            "date": null,
            "rev": "a789374408b19b701f383767a9ba82d870f1f104",
            "sha256": "1n9wa075fg784rvf69q0zzin512rbg7fpqqgxjiif4swyvlav1aj",
            "url": "https://github.com/DzmingLi/nur-packages"
        },
        "INFO4-19": {
            "date": null,
            "rev": "8e7468efbb7fc13e0c4ccf7e2fd64f5106012301",
            "sha256": "082k3j383zl7vp8fmbwjdh9wmnhv776i6in3pjf3g06ijb4cwcg1",
            "url": "https://gricad-gitlab.univ-grenoble-alpes.fr/Projets-INFO4/18-19/19/code"
        },
        "RossSmyth": {
            "date": null,
            "rev": "3b91dc20215df486108669052c724d0de0e8076d",
            "sha256": "02s5v6mx4znlcaxn2rybwyaa6h8rmvnhyf74nqlsqckv1w5kx106",
            "url": "https://github.com/RossSmyth/nur"
        },
        "aasg": {
            "date": null,
            "rev": "159f12cd8855fc005d045897d715ceb6ab20425a",
            "sha256": "0skgvrls4ak6nhq8d51qsvf4qwz4x70d5d9svm3v8s8vikad8fz5",
            "url": "https://git.sr.ht/~aasg/nixexprs"
        },
        "adam0": {
            "date": null,
            "rev": "157d663c8559f52253392a2f83bac68d7330cf2e",
            "sha256": "0m9qxgj5hgq41pyfrg3ql056smwz0gclnc6b4s71zhqdq0yps02v",
            "url": "https://github.com/adam01110/nur"
        },
        "agaia": {
            "date": null,
            "rev": "c5fc1a64b5e90b58b1567d06fc55dd8c33efb591",
            "sha256": "0f6z5n2f2gwx606z3lfyxx3mrm0sxinl9k8y3mdsnrrziipykw9i",
            "url": "https://github.com/adam-gaia/nur-packages"
        },
        "arc": {
            "date": null,
            "rev": "ec7e08402717f79008b809259c9e30fe917bfb33",
            "sha256": "1ljd6z473p7zw2jx3izm78dpy4vgxy0k8bdnd58jznh27g7yf3jv",
            "url": "https://github.com/arcnmx/nixexprs"
        },
        "aster-void": {
            "date": null,
            "rev": "6d6ea10bb4aaf087030c2aa9ca00746f8ab5b95e",
            "sha256": "0acpv6kmpwjzp0n87g6zr324vxlzaacscmqi8i1il5cj1rzwclln",
            "url": "https://github.com/aster-void/nix-repository"
        },
        "awl-fcarza": {
            "date": null,
            "rev": "7aa113aef4e3dcffdf51e4dbf5d678d27f286018",
            "sha256": "02w319ca1nl2fgjz3cj3ksi3gv8r3202wb288098mgqylq84fvdc",
            "url": "https://github.com/francescocarzaniga/awl-fcarza"
        },
        "bandithedoge": {
            "date": null,
            "rev": "6b914cb327781ddcb5d705c658ed2afc0a68f677",
            "sha256": "1r6apfl84cv3q58lcpaalc0w9qs4mqb6r2b8jf8lznhwmn7d9kz7",
            "url": "https://github.com/bandithedoge/nur-packages"
        },
        "bb010g": {
            "date": null,
            "rev": "8e18c6a685cab9d37f0b09c41b386e184739af54",
            "sha256": "0b2z3s3fxnx8xxnl5bm570z3vnrsmprb4bzqkfsa366g8dlihrwr",
            "url": "https://github.com/bb010g/nur-packages"
        },
        "beam": {
            "date": null,
            "rev": "af6170db9d75949443d980d9da68bf0a7f13fe1e",
            "sha256": "0ylxra1ws5d6j1894sr7hk5j745bd3bfnbbp4gkcpapj3qkd7a4q",
            "url": "https://github.com/jechol/nix-beam"
        },
        "berbiche": {
            "date": null,
            "rev": "131bee026c049373ae7b9f78653e0ade609c239b",
            "sha256": "089wl5v125w3fbnvxrznqhvyknfc563difxwfpfacis4gy88l63z",
            "url": "https://github.com/berbiche/nur-packages"
        },
        "bhipple": {
            "date": null,
            "rev": "ba4b0392a27837336b2b63409e8f69c181bb0c8a",
            "sha256": "0wzpcfrqr0hwfmi17dgx3nk4iwypcrr9y9mkdh0mhn8hh2mlpw4m",
            "url": "https://github.com/bhipple/nur-packages"
        },
        "binarycat": {
            "date": null,
            "rev": "c201b70252c0c872a3f751495641c837d07002e6",
            "sha256": "08dprkxwwiyayh39qsxgwbl4xgjvi0nqw1dpqjb0axjc0ll9chz6",
            "url": "https://github.com/lolbinarycat/nur-packages"
        },
        "c0deaddict": {
            "date": null,
            "rev": "b63f674c306076b94ee5d447790b8f7e9c14d7d7",
            "sha256": "0w8kq3sg397rbagqfkinckhncagppsv9f977dijyh7hy2yhylhm8",
            "url": "https://github.com/c0deaddict/nur-packages"
        },
        "c2vi": {
            "date": null,
            "rev": "d98c64bc116686e8be18b1029c2ae654bbe0a201",
            "sha256": "0vdr4n4jhgbsl29p66nkvlbcgjyd8115fz22bnys2kcwz2y0apsx",
            "url": "https://github.com/c2vi/nixos"
        },
        "chagra": {
            "date": null,
            "rev": "48e11e3bb7df3aa9a23b309b543a47cbb29ee40b",
            "sha256": "18x03ga9l41nzj32nrmw39gssnza69inki0jh6bg4xv6mygmrdy2",
            "url": "https://github.com/ihebchagra/nur-packages"
        },
        "cherrypiejam": {
            "date": null,
            "rev": "81742efc8375ffe23f854f0ec938f5bb736483fb",
            "sha256": "1vnkl53av8yqjlvq98wkfsbv7i822gr4hi3qg5ggz6iypw6wrwj9",
            "url": "https://github.com/cherrypiejam/nur-packages"
        },
        "chigyutendies": {
            "date": null,
            "rev": "9256cfa05731576a700b0dcb5d160eb74a4bfd55",
            "sha256": "0h558paa1gmpdy6kac1wq9mhd6qnk6yvk6c14iw0761bmws88pim",
            "url": "https://github.com/pillowtrucker/tooo000oooot"
        },
        "chrisoboe": {
            "date": null,
            "rev": "bedbb3623d3da586432cd1cc394f468fbcab4cd0",
            "sha256": "0r8ynfnpjfzlf2rc76gpylnk1qr0rbmb8didn732fpm327n5zjip",
            "url": "https://github.com/ChrisOboe/nurrepo"
        },
        "clefru": {
            "date": null,
            "rev": "840e007a71fb92fe038d55306201f6c6df9606dd",
            "sha256": "0z9lb40k7m61bhkr7jllwfi575z685rm5r1skm0ylji21m4yqfdx",
            "url": "https://github.com/clefru/nur-packages"
        },
        "cmdorexe": {
            "date": null,
            "rev": "a16c272c1bf4f8ab6be29a35e6684e3681bd9f3e",
            "sha256": "0r4sdnfyy9bsmc6nb84sfc1a55gwfsl12mgk61qma5qq21vngqxh",
            "url": "https://github.com/cmdorexe/nur-packages"
        },
        "connoromalley": {
            "date": null,
            "rev": "ec6db89006aeafecda0b406f1077d4ea9d09c81d",
            "sha256": "130imlbsxhdzl78pbdrl7028pyjag274gj3i93hkffgbcfy325iw",
            "url": "https://codeberg.org/connoromalley/nur-packages"
        },
        "crazedprogrammer": {
            "date": null,
            "rev": "b92589c2a6f7f7a50688c2d02194d85c10d3e273",
            "sha256": "1d0gavn56ayp94da4pqdlldhb0wgdiwg47chkxkz72x6cjm392zv",
            "url": "https://github.com/CrazedProgrammer/nix"
        },
        "cvtx": {
            "date": null,
            "rev": "bbc9a0e60c085f33e30d90243d05898950e1f3d8",
            "sha256": "0h9nvzns6l7lv0qi4bzdsgrjyzcwy5fwzzi2766gc3dj68z636zd",
            "url": "https://github.com/Cvtx/nur-packages"
        },
        "cwyc": {
            "date": null,
            "rev": "a944287d01d3a0b96312bcf0cf59a7adf52cf7ae",
            "sha256": "04djl0qg2cpchsqyzv6m5nm9zlgmn08d0zqgcprmlqpr6ka42zrl",
            "submodules": true,
            "url": "https://github.com/cwyc/nur-packages"
        },
        "dan4ik605743": {
            "date": null,
            "rev": "aac67954bbeacce64d84ddf800e05bcb467c11da",
            "sha256": "0fsyrklfvzyi46lkxhvsi4811yqalnshpqjsq16sxdnjx62r98nv",
            "url": "https://github.com/dan4ik605743/nur"
        },
        "dandellion": {
            "date": null,
            "rev": "7e85f62e40cd585ce81fa1f3debd5385bb0cad03",
            "sha256": "1m64i6d898v306vfkzm4v63wd56gwm9yvw1lqhr51g0lgk5jhb6v",
            "url": "https://git.dodsorf.as/Dandellion/NUR"
        },
        "darkkirb": {
            "date": null,
            "rev": "7255c1605ce7018b95a9d62bcc56d78ccaebd0f7",
            "sha256": "0l2i2dbnagf99gim6zrbwnmak5szjbq25171hsl5634cadlz02d4",
            "url": "https://git.chir.rs/darkkirb/nix-packages"
        },
        "deeunderscore": {
            "date": null,
            "rev": "4c1897f0937c40bdff843fa84153d2f418d1c302",
            "sha256": "18cgc0vi4qkchqmq03nw5ycrcabvz7j1d6c86q0wx1q8gyf5vgb7",
            "url": "https://github.com/DeeUnderscore/nur-packages"
        },
        "demyanrogozhin": {
            "date": null,
            "rev": "a82fcf0ca5a425503e0ef530c83c53ee1af54dfa",
            "sha256": "1wvlv0add78ndm97112mhcz352algwph4anrqmqaahf27bi46f9k",
            "url": "https://github.com/demyanrogozhin/nur-packages"
        },
        "dezgeg": {
            "date": null,
            "rev": "2d1018064f60640b6dcc2201efcfc9d0a92a7889",
            "sha256": "0x9q6zdw56sldffqhyvwdx64bjzw5yb6idag4ggrf6ivisrvyszy",
            "url": "https://github.com/dezgeg/nur-packages"
        },
        "dguibert": {
            "date": null,
            "rev": "dca0f8f1d6ec7a0d4a877242c78cd99ee69eee6d",
            "sha256": "0fx0ydq8nr6dj9n0md3267ipqw1yay9drrcr8b44wmb7nz2x6hf9",
            "url": "https://github.com/dguibert/nur-packages"
        },
        "divanorama": {
            "date": null,
            "rev": "fa84dfcd2f76840409a4ac6f1854900afe862dec",
            "sha256": "1mw4an6gr4pxlkprd0qd9np1nbkdi76aah2bphdsjvykf01jknws",
            "url": "https://github.com/divanorama/nur-packages"
        },
        "drewrisinger": {
            "date": null,
            "rev": "295ca29567e8e4fc2b4329d24bc1739d46fb7768",
            "sha256": "12m1g2kam028gm4qww8m4gfjfkxcrz5396019hwz48qyz7bcailb",
            "url": "https://github.com/drewrisinger/nur-packages"
        },
        "dtz": {
            "date": null,
            "rev": "dabf4820ee5b3203cf29e7d81c62b26a33a91692",
            "sha256": "1fs5vsw494a5vr0drnzrw5sfzb20l783x02zx0hyfahyvs8l0mvj",
            "url": "https://github.com/dtzWill/nur-packages"
        },
        "dywedir": {
            "date": null,
            "rev": "0ed84710caa8ea218d12a3a3c154733ec9c5d02f",
            "sha256": "0rk8p68v75g5p3bqp3azd86ivi5z8vdv0dar9rjmws5s34r9dd10",
            "url": "https://github.com/dywedir/nur-packages"
        },
        "eerieaerial": {
            "date": null,
            "rev": "55b21c8bcb451611eb31ad9704c6aec45134961b",
            "sha256": "0jpw2f412xhmykjgjvl0yb5zfp7y0702v7a9mcmr3jr0j7c9dbsr",
            "url": "https://github.com/eerieaerial/nur-packages"
        },
        "eeva": {
            "date": null,
            "rev": "4cf38e3602f0e5925695140c676d1378b40734e4",
            "sha256": "1a82fj82d09zasqfc6x53gcys10pnbg0hf7rrsiwi9wkykrlja08",
            "url": "https://git.marvid.fr/eeva/nur-packages"
        },
        "emiller88": {
            "date": null,
            "rev": "0e0450a7b5e653ecb7bf72103e4374d1e91c6c17",
            "sha256": "08hczl8k44dxdxfr234dfv6qnakirvxx7jmfbf7hzqzpiyd8jahq",
            "url": "https://github.com/emiller88/nur-packages"
        },
        "eownerdead": {
            "date": null,
            "rev": "80c3949dbc5f768b3290d808566daebcbdcffc77",
            "sha256": "00fmmn2c9cy4i97gsxbrjxc70jxcj0lwdpdp0d3p2hcxk18xllvi",
            "url": "https://codeberg.org/eownerdead/flakes"
        },
        "ethancedwards8": {
            "date": null,
            "rev": "0263960bdfc98e590db580f5a25f80f20b95160d",
            "sha256": "0vi426n7drnq7i954s7g2y8q1p8jfb5vz562fdp7w378cc9fnry9",
            "url": "https://github.com/ethancedwards8/ethancedwards8-nur"
        },
        "extends": {
            "date": null,
            "rev": "cb5dd151c29b15c0b462ba206198be17ced19f39",
            "sha256": "0jl4rrizsgmh3bjnqkjl2n2ii3c0r73sb0gsw6hx9iga75c6801i",
            "url": "https://github.com/ImExtends/nur-packages-template"
        },
        "federicoschonborn": {
            "date": null,
            "rev": "99536d8e3b836520f162613ece693698d97f712d",
            "sha256": "0ww4ydwc2i7qfbbpmxis9bsdsf07mc87wx09g6gjdf70b0i3zp3h",
            "url": "https://codeberg.org/FedericoSchonborn/nur-packages"
        },
        "fedx": {
            "date": null,
            "rev": "b1ee80ee8a790671f4b8fc1502cd52ca760cdf61",
            "sha256": "1cv7z24rfx9glwqqdlh2ddf1f9h154g6r23qah2spshb3s2iw35q",
            "url": "https://github.com/FedX-sudo/Nixpkgs_testing_NUR"
        },
        "fendse": {
            "date": null,
            "rev": "84ec40bac8cbe14d173fb660763761b7329edb49",
            "sha256": "0ajam62ps2wqfzxsna43yjhiyh0ns0wp4zavnxwybgsz9f76cp16",
            "url": "https://github.com/fendse/nur"
        },
        "fgaz": {
            "date": null,
            "rev": "4d8f25814921b521817b7630fcaba267119045de",
            "sha256": "13xxc3z1jdxim463qc2k1rg5f69jg61y39dmjm03c23hbaw0mhld",
            "url": "https://github.com/fgaz/nur-packages"
        },
        "fooker": {
            "date": null,
            "rev": "dcd96344d43a837847b1c1920c6866e9c78d4a59",
            "sha256": "0623jffd3j1nahh51768sqmk5q4wbnxl7i2ip8685bk1g1hmki8q",
            "url": "https://github.com/fooker/nur-packages"
        },
        "fortuneteller2k": {
            "date": null,
            "rev": "4cd0dcc8fa4fdacf026605b24927884173d13f67",
            "sha256": "10igdf76hpkj7q3d4bpz6k1nlyq1nq77q9izg933yy74px4j1axf",
            "url": "https://github.com/fortuneteller2k/nur"
        },
        "genesis": {
            "date": null,
            "rev": "a2788d71c3b965419033b17a936503b21cbed4f3",
            "sha256": "0l6f8kg174sbiw84jjmgn15b7x0mri3fr5lqljd2yr5rjh9bkf5m",
            "url": "https://github.com/bignaux/nur-packages"
        },
        "geonix": {
            "date": null,
            "rev": "c77b259a7eaa7164741f768f9826a8d3e05574c0",
            "sha256": "1p5h5lkgf0vjq0n52z0ilrrkv0lwvdxdifi9iirn7swccqvix0d8",
            "url": "https://github.com/imincik/geonix"
        },
        "graham33": {
            "date": null,
            "rev": "acb8dbc97b684b0556815715249c66e4d38fe16b",
            "sha256": "0frb79i4wb2ird500impz7bihjcf90l78l6h1w7mmf5fdqs7ma0h",
            "url": "https://github.com/graham33/nur-packages"
        },
        "gricad": {
            "date": null,
            "rev": "1605d8b20651a0a42152347e9e04096e567cd359",
            "sha256": "1araghb1h00pgzhfhr50hj7rz8dw51klngf1b5443kw960lqb7ww",
            "url": "https://github.com/Gricad/nur-packages"
        },
        "htr": {
            "date": null,
            "rev": "49bb48aa7095b105483883c161eb19be3bc27ab8",
            "sha256": "196xyri0g9s84y2l6cynahrga7jwzvyndpiigxpbx9dml9m5dw11",
            "url": "https://github.com/htr/nur-packages"
        },
        "hujw77": {
            "date": null,
            "rev": "1c9f11c1e061974bf4c6ac7517a19419960e229d",
            "sha256": "1n7i49p1is5hmjsja80vmva61vr8j0gi55hd4waqda8knby3gf56",
            "url": "https://github.com/hujw77/nur-packages"
        },
        "humxc": {
            "date": null,
            "rev": "2ca4f1a21166551a8756d5b67a46392bab4592c4",
            "sha256": "0sk1kxxhynbg7jppvhsl7ixdhsc1gq98ryg1790r52w3dpakd5wy",
            "url": "https://github.com/HumXC/nur-packages"
        },
        "hutzdog": {
            "date": null,
            "rev": "93ba3ccc36d77760854eb12bbed6d86ae02555cf",
            "sha256": "1k06k4w7lkbhwlfws53k4srg57wav2sp74gix63n86mpmlkv5af6",
            "url": "https://git.sr.ht/~hutzdog/NUR"
        },
        "iagocq": {
            "date": null,
            "rev": "8a6ea267bec4244f2b266e218e2a24eae8ff2608",
            "sha256": "0m6fj37wrcvhzjqx7r5941ciycj72rycb689rqn98g5jkiph97qn",
            "url": "https://github.com/iagocq/nix"
        },
        "ifd3f": {
            "date": null,
            "rev": "f85c890a1ee41e3c5026477ef1e5fd867883d158",
            "sha256": "1sv69ai4dgji7xx0r94hw4jcv1f0mj48qnjr6glidg993c49z5li",
            "url": "https://github.com/ifd3f/nur-packages"
        },
        "illidan127": {
            "date": null,
            "rev": "1af4a518bb68dcc055332e0428305c7d6cdd8bd8",
            "sha256": "0mi73y9znf21pga8hmphcx71w258rjf90riw1f2y9hscgxihbpr0",
            "url": "https://github.com/illidan127/illidan127-nur"
        },
        "immae": {
            "date": null,
            "rev": "9951b235a76800a572ea30793126b7dd8cdf3f0d",
            "sha256": "05irxc736ahckv4cn1f0l2cprwqx6h56m2a61ipjr795h72gmlcd",
            "url": "https://git.immae.eu/perso/Immae/Config/Nix/NUR.git"
        },
        "instantos": {
            "date": null,
            "rev": "73fbe4d2a75d857c8e58211da59bf23cbd267364",
            "sha256": "0ky58kvgh5flvcj26105hr0nxyhycbayl0hjyn7z8kbz7lpjnawm",
            "url": "https://github.com/instantOS/nix"
        },
        "ivar": {
            "date": null,
            "rev": "8e0efd92a5c251b8d3a474869ba86b349e71da27",
            "sha256": "0fgl39ls6iqh9vhk1za1j0f4scdafwvczyb2krls3f9y2iq7603n",
            "url": "https://github.com/IvarWithoutBones/NUR"
        },
        "izorkin": {
            "date": null,
            "rev": "1064e1af29bd170bd24d5600ec79b7ec9b09dd74",
            "sha256": "1hbvb2xwclbfw970ndwr4213driimng9r5c0aq3nja76wkc7qfas",
            "url": "https://github.com/Izorkin/nur-packages"
        },
        "j4ger": {
            "date": null,
            "rev": "85c67e47c7cce247b20a7afc7b5796b2bc525aa7",
            "sha256": "169mwjn3qp87x8nj1pjyskg25idwlpzjwl1d1x17ax829gmdpzl5",
            "url": "https://github.com/j4ger/nix-packages"
        },
        "jakobrs": {
            "date": null,
            "rev": "7bd8e62ecab7891f7b9c3aaa23aaefd884755ba0",
            "sha256": "118fyji32az9iwn5lr5h2kz073h7zbk27zzh18z0qhhism83kwlh",
            "url": "https://github.com/jakobrs/nur-packages"
        },
        "jbarthelmes": {
            "date": null,
            "rev": "64340769e8da95b4289916c9798c902f0256cac5",
            "sha256": "1xx8h2ylr2bgypwpzaqhq34v80wc1kpd3jdciayc9i9cc75r3a1n",
            "url": "https://github.com/jbarthelmes/nur-packages"
        },
        "jdpkgs": {
            "date": null,
            "rev": "4705475e8c6818dc21ec0dde0e0b4524fbfbbff9",
            "sha256": "0sc03f5sqknmc5ap65nb153b31g17xyzk452z3c007w6dxkna5s3",
            "url": "https://github.com/jdev082/jdpkgs"
        },
        "johnazoidberg": {
            "date": null,
            "rev": "6072b24e77fd188298c3eeff991cf0f53598d897",
            "sha256": "0w29fgf07bqzb52m4awqnmjy3nqms9xhp8zv4b0m2dj0cmc2xhm4",
            "url": "https://github.com/JohnAZoidberg/nur-packages"
        },
        "jomik": {
            "date": null,
            "rev": "dd2803ccca8783fa0f8fd57480f647d7dc1bebbe",
            "sha256": "1y8ha4s4gmybjgq1nbn0352cpj8gxsgm54gzx9jr5aih033bf97q",
            "url": "https://gitlab.com/jomik/nur-expressions"
        },
        "jorsn": {
            "date": null,
            "rev": "295b26bbd3b2c22b91511ed9d90ff428038795a1",
            "sha256": "0wd4b7asb8xn8k03clqq9lf027zwjpp85psy7qsi9p7iyrnn2h2c",
            "url": "https://github.com/jorsn/nur-packages"
        },
        "jpts": {
            "date": null,
            "rev": "31356fa9f17c9a6f34e739d263ce7137b3790e5d",
            "sha256": "0rrwhg6pl97c408br1sljss87lq8ngqdwv45nkw7xsnsms4m3xcc",
            "url": "https://github.com/jpts/nur"
        },
        "jpyke3": {
            "date": null,
            "rev": "423291bfd38a35f24a4f8ac70a2b96da88f7f566",
            "sha256": "0knd599a4zxfrgbgybcqjrs6cb360d2gl8rv3difpidcb2rnhhsd",
            "url": "https://github.com/JPyke3/JPyke3-Nur"
        },
        "kakkun61": {
            "date": null,
            "rev": "be7720ba70ef2e192b9a7df0c9a0d50e0bff9cca",
            "sha256": "10f61g5dqyypy92dywk2jk4csa397q8qi742in8jhlkbxr302hq6",
            "url": "https://github.com/kakkun61/nur-packages"
        },
        "kapack": {
            "date": null,
            "rev": "3306e6ea176ddfe56425fa88effc19d6116f2c46",
            "sha256": "0172cgfqrr8a11msivd4fiyl1vzflx4231q18dibak923cl2akld",
            "url": "https://github.com/oar-team/nur-kapack"
        },
        "kf5grd": {
            "date": null,
            "rev": "8cc980460b80380eed13e5bf5c9a0aa6c7311797",
            "sha256": "0hvk98skadjq0ms0k4f2hi9jd8v2hfy6a73lhxvziv3kqvblmvh5",
            "url": "https://github.com/kf5grd/nur-packages"
        },
        "kolloch": {
            "date": null,
            "rev": "606ac0cb71f21626c8ffd9f43a0b950d874696c5",
            "sha256": "08izwrpa2nrgb0gnixpynm7s5kkmcj22kx9mjmjp6ppzwgph0nvw",
            "url": "https://github.com/kolloch/nur-packages"
        },
        "kreisys": {
            "date": null,
            "rev": "5481e902798f3fcecc8b71f25707822feec8ce16",
            "sha256": "1qbfzmq0jfrdhnlwx8gvz8xl0fm09rhyy1kn7ldqpb58s4nqhkc5",
            "submodules": true,
            "url": "https://github.com/kreisys/nur-packages"
        },
        "lambdadog": {
            "date": null,
            "rev": "222127489b9b2c89d68ca06e2f3c8f8bace0f65e",
            "sha256": "07v9sim0a4xc5m1v6rrh9mzml70ps9cm494asrj80q3bxmyc16ra",
            "url": "https://github.com/lambdadog/nix-extra"
        },
        "lheckemann": {
            "date": null,
            "rev": "a2a0916234568b3880b06bffc336a1ebc104d276",
            "sha256": "163wa3arq5a21jfm35djfms05lq1b25lyaldf7bpnr28q1998ysk",
            "url": "https://github.com/lheckemann/nixwip"
        },
        "lucasew": {
            "date": null,
            "rev": "7bef7d431ac3d6fe56b42879b41b201f820fab26",
            "sha256": "0rppwx3iradsa8mbf9lzvqlgdaqyb2ncj29hw4acq378vqb79ncb",
            "url": "https://github.com/lucasew/nixcfg"
        },
        "lucasfa": {
            "date": null,
            "rev": "435893869a88c853114760f6426d38bec20926e1",
            "sha256": "0azcigdj68zdwfr9rygr4dj0v9v80bbz14fa1v48c27p9rpphkvi",
            "url": "https://github.com/lucasfa/nur-packages"
        },
        "lykos153": {
            "date": null,
            "rev": "ffac42685a1862b2520621eba4ec6901d00aeca0",
            "sha256": "0vj8k6vdpmmgb5s5ynn34xcf7f1hhaaz96q3kf5mpfmvkzxq8f54",
            "url": "https://github.com/Lykos153/nur-packages"
        },
        "m15a": {
            "date": null,
            "rev": "7ee7f3169a757302a2948bc9420e150c12c96777",
            "sha256": "1725mqr5d67bb87sg9y22gb39fas22cq541rvpxq3blvrczs175c",
            "submodules": true,
            "url": "https://github.com/m15a/nur-packages"
        },
        "makefu": {
            "date": null,
            "rev": "272cf1ad3b3da0e30b5435f2425f39bed616b080",
            "sha256": "1h3w9h6vin5ljxf7xhlzc5y7kdrhx129d7926vq65c5ckxk2mgl8",
            "url": "https://github.com/makefu/nur-packages"
        },
        "marsupialgutz": {
            "date": null,
            "rev": "e45c3fc04279677f38afb5f5668e108ab1fa4d76",
            "sha256": "0py067hy2p3l9difciba88k9s4l25kbachsjydwywfbhbxz9d9zc",
            "url": "https://github.com/marsupialgutz/nur-pkgs"
        },
        "marzipankaiser": {
            "date": null,
            "rev": "2eeab71bd1bc66f9231a512bb1f529c1aedeab32",
            "sha256": "1nwpcj819dbfgl9c3bq4r3mhby09jj77hhn9klfc0yjim80yhkvv",
            "url": "https://github.com/marzipankaiser/nur-packages"
        },
        "matthewbauer": {
            "date": null,
            "rev": "21b678d31d567730921dd932fef6682694715b65",
            "sha256": "0h5al1rd3pklk5m76g47l5c34l272grappbaracxi9ryzmsxckc4",
            "url": "https://github.com/matthewbauer/nur-packages"
        },
        "mcaju": {
            "date": null,
            "rev": "6cf805aad6c11394ad1eb037cbaa4edcca9760c1",
            "sha256": "07jyczv0m5yb43hn3ppiixcz38qkr3q3504mxshq7bq51k8685wn",
            "url": "https://github.com/CajuM/nur-packages"
        },
        "mhuesch": {
            "date": null,
            "rev": "83b0ba76173dcc88f2b4b617efeae1fba1b08994",
            "sha256": "1lkghpyf4pvdw9jwf215j64055jvciyjaa0xx9kh87861plw80qm",
            "url": "https://github.com/mhuesch/nur-packages"
        },
        "minion3665": {
            "date": null,
            "rev": "ab2f419e72faa0a4e3d9a3af0f14bae615255eea",
            "sha256": "0rc9hqzd826ciw4h5bd06r2p9ccpv5v0g5fq5dcsl4wcl6vmq8b2",
            "url": "https://github.com/minion3665/nurpkgs"
        },
        "misterio": {
            "date": null,
            "rev": "c1ee5c7310e3993b13522714d8c9cbc39d47d7eb",
            "sha256": "10fc8ik6jmsjf1kayfnhnn05iiawaf12fa5gj0w74y2787s1q13n",
            "url": "https://git.sr.ht/~misterio/nix-config"
        },
        "mloeper": {
            "date": null,
            "rev": "f5a6bd83ababb5a05d10b337c0849db71646f213",
            "sha256": "1frwkh3mfgsc1zr26ydrdf19hdacfcp7jnkyipz8x0x5vigxln6q",
            "url": "https://github.com/MartinLoeper/nur"
        },
        "mmilata": {
            "date": null,
            "rev": "0265f31dfec8114dfd7aad64b19f7b66a68dfb73",
            "sha256": "0saqrcxz74hpq0w3ms7fns9rmfr0mb3mgh4mff4sapjn0dkls187",
            "url": "https://github.com/mmilata/nur-packages"
        },
        "moaxcp": {
            "date": null,
            "rev": "a835678ecd9d3c6ddee47e84782affc4a52c3609",
            "sha256": "1kcfg9yxijd1vwrzr2hcqqfa3zy9jagm1yv6g21g6wjkdhx76w55",
            "url": "https://github.com/moaxcp/nur"
        },
        "moosingin3space": {
            "date": null,
            "rev": "20a564911303581107235f768e79e82de43f1682",
            "sha256": "1zp55320ck1479sxqlcim1sqc76kdy0md73f796g3ixkwyfqqds7",
            "url": "https://github.com/moosingin3space/nur-packages"
        },
        "moredhel": {
            "date": null,
            "rev": "0efec61d26ae2e84bf14fb4697e390cc971ca574",
            "sha256": "1w9kqdv9z8phbw5ypxaaz1pbnwsnbl7ybbkghlshk4xqamkcblr0",
            "url": "https://github.com/moredhel/nur-packages"
        },
        "mozilla": {
            "date": null,
            "rev": "16ab32eeb8390de633eb336eb4910efbbe0091e6",
            "sha256": "0j7b6wdzs6v65rx53zsyw7nhgc7sg7rljnijkbyyba0qva8qawar",
            "url": "https://github.com/mozilla/nixpkgs-mozilla"
        },
        "mrVanDalo": {
            "date": null,
            "rev": "c7b6135617e50ab0bd9485fd46d7bb4245da41e9",
            "sha256": "1i8ykqy8s37h09l0061rpmp4paw5gcvmf757pi6cvs77w98b34ps",
            "url": "https://github.com/mrVanDalo/nur-packages"
        },
        "n1kolasM": {
            "date": null,
            "rev": "9e6c706e1e476f42aae9c8de0a676c3fca368a55",
            "sha256": "1gdfyjpmh6ys81psmryh8y3n3rji4rfwmlfj0xjf8r4q41ld58h8",
            "url": "https://github.com/n1kolasM/nur-packages"
        },
        "nasirhm": {
            "date": null,
            "rev": "92368d5911774f79c701e1a22eeb060a512473f5",
            "sha256": "0dii4a2xqww3l6qwb2kszm6i44k4hp7v2x7z87flgc09lgd8pd4z",
            "url": "https://github.com/nasirhm/nasirhmpkgs"
        },
        "nelonn": {
            "date": null,
            "rev": "08d08da8eeb6a896e426b3b9d2780f4755bd1c2e",
            "sha256": "1q07l1z26za3da2lbsf10jck3qygg94j8r1n5qpfj5kywxdwc48h",
            "url": "https://github.com/Nelonn/nur-packages"
        },
        "nim65s": {
            "date": null,
            "rev": "e5e4ffde27b4900de1b1bc6e7749ac501052ed03",
            "sha256": "1325v8lw2mm8ky3z850vfd8y0syxw0d0av0iabgfjy67c05lwkd1",
            "url": "https://github.com/nim65s/nur-packages"
        },
        "noneucat": {
            "date": null,
            "rev": "3211ca63ce22fe86dd1462cc550fd6605614b246",
            "sha256": "1y4jbw9vq3dndcr608v56q1fhkfwyjrgpbi2ry4wyfgia2ylclm1",
            "url": "https://git.sr.ht/~noneucat/nur-packages"
        },
        "novafacing": {
            "date": null,
            "rev": "70cc8d73136ca8cc72bfc921bb16a20080507ae5",
            "sha256": "0xla41hzk7pvj501hpkrdczdklp9vabbzvrbf6vk1irzswrxx0rn",
            "url": "https://github.com/novafacing/nur-packages"
        },
        "novel2430": {
            "date": null,
            "rev": "9fb9df7181e795c30b6acc06dd78bdc3ce8711b3",
            "sha256": "0y872d1xqx6jsn42kz8gqny035shl5647vq28aj3sgzs7lbnp24m",
            "url": "https://github.com/novel2430/MyNUR"
        },
        "npkgs": {
            "date": null,
            "rev": "846692540a379eb7849068d8fd3f550c8c7c045d",
            "sha256": "0zm0vi6pjgwrdlpah7sk3mj14n3iwidiaiwcci735kl1r045hhdy",
            "url": "https://github.com/nerdypepper/npkgs"
        },
        "nprindle": {
            "date": null,
            "rev": "cc3d49bf460f11c487aa4cfca61aa5077e0ebd68",
            "sha256": "1qpdiffq6kg6i476snwhwkj50mwlyhlq9g5qbl4y4vazjn37akin",
            "url": "https://github.com/nprindle/nur-packages"
        },
        "nyadiia": {
            "date": null,
            "rev": "2c895ecec90a5db2031c65f1ce9ba94428e899c6",
            "sha256": "0fzdaj4866gwm1ynqi2c6wa41dymz3xscj1bj1npn70kr3wq2vi7",
            "url": "https://github.com/nyadiia/nur-packages"
        },
        "nykma": {
            "date": null,
            "rev": "4245a04410d0f74fdd56006d7fd977b3c9c12a81",
            "sha256": "17dh4n9mcsdwhf7c6sh5xg4a0l91m3ql8hhj65iyjm3ad5wrg8hf",
            "url": "https://github.com/nykma/nur-packages"
        },
        "onemoresuza": {
            "date": null,
            "rev": "a5f4bbd8aaeba5627661d97502380943431efef3",
            "sha256": "1w7z6v02kmw5pc8y9374i4xkq7islb40lh3yqbaq9x6q6xafc6r0",
            "url": "https://github.com/onemoresuza/nur-packages"
        },
        "onny": {
            "date": null,
            "rev": "fd235f64549e38c399006f2a29b25fa810e76415",
            "sha256": "0j3kmiacz4ngpkxzx51vv267b42rcz7kzymy6hbj8ss1s32yn97v",
            "url": "https://git.project-insanity.org/onny/nur-packages"
        },
        "otevrenamesta": {
            "date": null,
            "rev": "67e3db0fea9fe3f54b65ec1ddac5b018f99662b2",
            "sha256": "0fa1nyihyfs421wx732znafl656rr0nhd9k52ld7hqan7k6kyn38",
            "url": "https://github.com/otevrenamesta/nur-packages"
        },
        "ouzu": {
            "date": null,
            "rev": "613fc72a385de48d4672461d29241e54ff80e41e",
            "sha256": "1vgwv6jn6kig8zrgza7w0g39p0g5d14aybc6l1vdbhy9n4sqgm9m",
            "url": "https://github.com/ouzu/nur-packages"
        },
        "p3psi": {
            "date": null,
            "rev": "619c9af3bd3e1b444d25ed14e84ccb03df6ad1c1",
            "sha256": "1ayg7zji7z0m2hwr1vw46kgl0xd8njyg7zkw6yh8zfiw3sf2q2cp",
            "url": "https://github.com/p3psi-boo/p3psi-nur"
        },
        "peel": {
            "date": null,
            "rev": "edca34098808717772878ea0ba0e1bc6f0b736ed",
            "sha256": "087j44av1cx3ipr1gw3va1jn6pzs6k2im4j9dlajiv29gypczjk6",
            "url": "https://github.com/peel/nur-packages"
        },
        "piegames": {
            "date": null,
            "rev": "450f52069faa973af82220bc22ffd611455df2a4",
            "sha256": "04ymyij9l34j2fp53xqiqsx380r1nbandrf17daad96a0h1n22nb",
            "url": "https://github.com/piegamesde/nur-packages"
        },
        "piensa": {
            "date": null,
            "rev": "1cd5f5928ed2a643e10d065adff0822371cbf4bc",
            "sha256": "1jrxki13mv4m2vbs2fz03lyidp1pi7fqrhmdbw1z4jhlwn2agnvg",
            "url": "https://github.com/piensa/nur-packages"
        },
        "plabadens": {
            "date": null,
            "rev": "2a6b1ae0a837a9ff5aa9891699546adcfb4c7080",
            "sha256": "1ck9f13gc7vsxzcb8ipf2cgpg6r7c6nzldhw0lxrqlqmi4yn5m5f",
            "url": "https://github.com/plabadens/nur-packages"
        },
        "pn": {
            "date": null,
            "rev": "06b78a6d42bd0f2d0cc1adccbe7d0e40214e46d1",
            "sha256": "1q9i2cg74ihbkcfayl5p89jk004xaq1k2ra7c88v48bshwgb3al8",
            "url": "https://github.com/pniedzwiedzinski/pnpkgs"
        },
        "pokon548": {
            "date": null,
            "rev": "d5acde66b0f5e9a158dc2c0dab3345240792dd6b",
            "sha256": "0z87pzaqdsd6ncwlbymkjk0vd0mlwjycqcrws2cvwdvkh4xvgccl",
            "url": "https://github.com/pokon548/nur-packages"
        },
        "propheci": {
            "date": null,
            "rev": "b9d64aa1b48a00cd198c5e808937bbb8e8fcc6ce",
            "sha256": "1kvf7z9kqsfx6idv6d6yay77jvifiwm6sfamr71zr2kv9gncr6jr",
            "url": "https://github.com/Propheci/NixUR"
        },
        "pschuprikov": {
            "date": null,
            "rev": "e03cebbf7df7fcd0228408ba59b164969e47c9bd",
            "sha256": "1zhmiac6cphj8iyw2y828gqvlri1r4mj7wpw9y1q9098pryk81vj",
            "url": "https://github.com/pschuprikov/nur-packages"
        },
        "psiquo": {
            "date": null,
            "rev": "ed0e4e4ebee0051a581c6bd7d0332b19d7ef274c",
            "sha256": "0b97399sa7nnyjhpphgljkpghg437dadz0mhzy51nrz5njgm6cl3",
            "url": "https://github.com/psiquo/nur-derivations"
        },
        "ptival": {
            "date": null,
            "rev": "0190c53aa923aaeefb5473ab9fb59634250409ee",
            "sha256": "1v9d536p2ynnc0kbif1s31ybv1xxj3zvsysj2g4ja5pxgi17mzya",
            "url": "https://github.com/Ptival/nur-packages"
        },
        "redpz": {
            "date": null,
            "rev": "4cbdb0546e72464209bfbe8581d0282dd15450c9",
            "sha256": "1qnkj1xch7jp8v46vm9h896j51mf41g8ing70r1866bkg7a1jv5h",
            "url": "https://github.com/reDpz/nur-packages"
        },
        "robertodr": {
            "date": null,
            "rev": "42c30c742c16de61c7817c13fc7657951f57a8d4",
            "sha256": "1sqgf603vszq740igbx9kqndqgvxsjpwpfy1d096k8zbnfg2bfkh",
            "url": "https://github.com/robertodr/nur-packages"
        },
        "rseops": {
            "date": null,
            "rev": "2b06173269eb3e67bbbc56188583f8858d57433c",
            "sha256": "10s7cag5yxpabm96727kma1bvyys2qpa9nci74rg1p34zpwv4hyb",
            "url": "https://github.com/rse-ops/nix"
        },
        "rummik": {
            "date": null,
            "rev": "1959186c289a3b7a110e89dad51de768134f3246",
            "sha256": "0j2mbd161p6fg4pr7hcim11igzdg6yar88ymkqgwahivzc5yam21",
            "url": "https://gitlab.com/rummik/nixos/nur-packages"
        },
        "running-grass": {
            "date": null,
            "rev": "7ee536d7593dd8cd518e78b78dd5eea97907c4dc",
            "sha256": "1h1x3zrhx5q9lp4khjnsj8rvybizn2bg6a5vwjfbfhsz0jcrwkaf",
            "url": "https://github.com/running-grass/nur-packages"
        },
        "schmittlauch": {
            "date": null,
            "rev": "6f4739cf5cc00030001ee3792b60f2003b12083d",
            "sha256": "1449lszgfwf462gjlc14lbcx32611x8qigiq4nvqqnilvfghkl08",
            "url": "https://github.com/schmittlauch/nur-packages"
        },
        "setser": {
            "date": null,
            "rev": "f194aac119e7484e0b362af018f3edb1d8c40bf0",
            "sha256": "15gw3k5b0mg5pzah0n16vaglsnzml9x29kb988k2w51lybkm3br0",
            "url": "https://github.com/SeTSeR/nur-packages"
        },
        "sgo": {
            "date": null,
            "rev": "89b0726d252e36cb5130d45a8312f6f96639bcc3",
            "sha256": "1x84yrhffzpinlq267c293dv5crrrihx0fykdpj5m9sh0s4s4vm6",
            "url": "https://github.com/stigtsp/nur"
        },
        "shamilton": {
            "date": null,
            "rev": "b8ea2432f6751e8f86390fcc91fda72b4a9fd2e6",
            "sha256": "1ccg903m8km0p50ql0li0cwnxpvan4w4565w09kn2brb1az1zlp1",
            "url": "https://github.com/SCOTT-HAMILTON/nur-packages"
        },
        "shelvacu": {
            "date": null,
            "rev": "1ea1923a515191608acdc98eaf163093d2a1b194",
            "sha256": "1mfviim53irz9apaznfza9isrfnj3f30f3wci6r0h9n04n3pzn4n",
            "url": "https://git.uninsane.org/shelvacu/nix-stuff"
        },
        "signalridge": {
            "date": null,
            "rev": "7c0e0b96700b4ba492455629e1486ff780410da3",
            "sha256": "1jqpcm541z9aam3w7in95ymjsf156drsm606bsd8cj5in1431lfk",
            "url": "https://github.com/signalridge/nur-packages"
        },
        "sky": {
            "date": null,
            "rev": "9aaf7d1f8115915ec113e0bda84b81792cd2319b",
            "sha256": "0bknfmfwiz8dh0n27nqgs4kwqvr1irppks7aj95vay644vp7l357",
            "url": "https://github.com/SkyLeite/nix-repository"
        },
        "some-pkgs": {
            "date": null,
            "rev": "0530ac57da00366ea433c9ed9e305fc460b5cd94",
            "sha256": "1r6ycwq28brq1scahmq13354wi4nd3nymf8ka5qiy85liaynx2yn",
            "url": "https://github.com/SomeoneSerge/pkgs"
        },
        "someron": {
            "date": null,
            "rev": "e37fa9ab5b52b8a80555c6f66eb25e138d6fb153",
            "sha256": "14d1psns1gvjv0rv3kfchy7ixszmgz6alk3jzy0rnry3if3m8rkh",
            "url": "https://codeberg.org/someron/nur"
        },
        "sondr3": {
            "date": null,
            "rev": "af1c3aa32d95f54ae0e4052d1b2d46138c0ac0df",
            "sha256": "1wfgyb3qpgb4lh0bxdi7q66y9gj6giapa5sgqy70y1j296lxqnqi",
            "url": "https://github.com/sondr3/nix-expressions"
        },
        "souxd": {
            "date": null,
            "rev": "ae6a876526fa1737bfd88f927f122f507b85ae6b",
            "sha256": "1mc0fgpvzvn3mgw2vkhkayhjfzmsh12hfl1sma19304l0mlgiymq",
            "url": "https://github.com/souxd/souxd-nur"
        },
        "splintah": {
            "date": null,
            "rev": "66d64acf2ff19633209c765b76884d9d61b2d33c",
            "sha256": "0q61y4ha5dg60vhzzdc3c1c69cxfh4sazbiia5kz7svrlk782ibg",
            "url": "https://github.com/splintah/nurpkgs"
        },
        "stupremee": {
            "date": null,
            "rev": "8ea430cd798b8a39f9d5af2d68ee2f020ecd25d9",
            "sha256": "1cdqmc0plh66s9sgsxlbbra8p74d0iayah8vb6i9hiliiviq9kkg",
            "url": "https://github.com/Stupremee/nur-packages"
        },
        "syberant": {
            "date": null,
            "rev": "0ff36c60d4dc8611309c4dbd88a409551a742594",
            "sha256": "0mjq5dkgsrs7hks64fjs7paw7l58gwsg6368mdhxrkz6cn2izaci",
            "url": "https://github.com/syberant/nur-packages"
        },
        "tehplague": {
            "date": null,
            "rev": "97f448fc6dc44a4c5fc9045f70cef342abd3e741",
            "sha256": "1cxg7w253jxbwspzm4livr4w7rsp8npngywca60pyxqyqchrmd0q",
            "url": "https://github.com/tehplague/NUR"
        },
        "tilpner": {
            "date": null,
            "rev": "efccb862d0a95908ea88b4ba2fe183fd6d55daae",
            "sha256": "0qljay84k2z5ci32g1limirijacvsrmzsqbwr1qwn7r5id8gzr9f",
            "url": "https://github.com/tilpner/nur-packages"
        },
        "timsueberkrueb": {
            "date": null,
            "rev": "fa6a343b2d6b0bc2e6779fb600b06ee6076d386a",
            "sha256": "0gy5f3m346vyfwpbgmp7crhknv1n6c9018adim4z4iy0lxicf949",
            "url": "https://github.com/timsueberkrueb/nur-packages"
        },
        "tinybeachthor": {
            "date": null,
            "rev": "970dc2037016d2640594ad8a85cdca9adf3ef6f0",
            "sha256": "18ligbpv7dv1754nphw0fgga5jmqz8xj11b9x2adfr8j5wlm9jg7",
            "url": "https://github.com/tinybeachthor/nur-packages"
        },
        "tokudan": {
            "date": null,
            "rev": "6a6e1897ee5993edf631311f3ad301f98f3203ba",
            "sha256": "0y7baj0ajcnp2an31293l1rg6sg5w9rdbj05cf31cwabf1qmpgw7",
            "url": "https://github.com/tokudan/nur"
        },
        "tonywu20": {
            "date": null,
            "rev": "030303d1844028e657cbc431febf5055b9fd8ff3",
            "sha256": "1s79clray6y353j4v405lpangihbwg3qq4a5lzmr6k2gh39lzkz5",
            "url": "https://github.com/TonyWu20/nur-packages"
        },
        "tox": {
            "date": null,
            "rev": "4e7ae501331e081f1679e657bbe9d6067f179db5",
            "sha256": "18gcn013rl41c9asc2c11l2kgl3w7nw1f9h1kqcf0hya0q4066b2",
            "url": "https://github.com/tox-rs/nur-tox"
        },
        "trevorriles": {
            "date": null,
            "rev": "f45e5a2ab2f29c9b7e7eee6c62289db755545329",
            "sha256": "1pv53mxn5ci76lzvabrkqcvd9nnpsqkqs2wzdwrh3r394zfjp22h",
            "url": "https://github.com/trevorriles/nur-packages"
        },
        "uleenucks": {
            "date": null,
            "rev": "2e0c90538f4eb161fdab76d0d71301d1c7040833",
            "sha256": "0203851sfwpz596sn9ksan3iqxlzygz8hng6j0kzlp8hvp8jrckl",
            "url": "https://github.com/uleenucks/nurpkgs"
        },
        "ulypkgs": {
            "date": null,
            "rev": "1b1cb86718139b797d1e7699d76d84e198e3f120",
            "sha256": "0il50b7hiyi9zkpbhf085z8jlnq8c7mazk3skxfz79fp7qbc3kha",
            "url": "https://github.com/UlyssesZh/ulypkgs"
        },
        "uniquepointer": {
            "date": null,
            "rev": "a7e51776a6a9da246fbb19a9f0a7beb87e6c5429",
            "sha256": "15plxz98767z3574wpfmas7f79583i6fj0wravh812zb13ig91sr",
            "url": "https://github.com/uniquepointer/nur-babies"
        },
        "utybo": {
            "date": null,
            "rev": "c9c42cef37babfaa1f367872949789e9b8be2a8b",
            "sha256": "0s4c6lf7xp684wl9dasmch8z28j5p3g7nplvg165shjkp84wajvj",
            "url": "https://github.com/utybo/NUR"
        },
        "vdemeester": {
            "date": null,
            "rev": "d65d01c56ba2efbbf4137e67684b6e8e5b651785",
            "sha256": "0mkmncci53fzbnc9gg00wmk3ldpfvc9rfish40axijwzmj4svf87",
            "url": "https://gitlab.com/vdemeester/home"
        },
        "vojtechstep": {
            "date": null,
            "rev": "aa9ace5174ee2c2c87ae5d1b56e35dcec2584bb5",
            "sha256": "0fdzr0qpijhd3nsqlzy126ahrq58pvgx8qqzx7a0ls4vrfcs5xx4",
            "url": "https://github.com/VojtechStep/vspkgs"
        },
        "vroad": {
            "date": null,
            "rev": "069b8e15aad2424f528c8a5a205464bc302214ba",
            "sha256": "0kxfi9idgihqk9vc1phk4v84v2xgaavbbi29h59sv8w8xsn4srbl",
            "url": "https://github.com/vroad/nur-packages"
        },
        "vsoch": {
            "date": null,
            "rev": "74f02d9d4e7ad855eff7c04af225ac966dc51c49",
            "sha256": "19ppf3q9gxa9d786a6ffd54pm8x67i3dk9h1k6v9n9zj1y614nib",
            "url": "https://github.com/vsoch/nix"
        },
        "willenbug": {
            "date": null,
            "rev": "e7e2764574763cfd7615fe9fd7f4d6cb48cb10de",
            "sha256": "1vy8y3x8xghp9aila1j3nmrcwlrna0mvlmbq558rqdx7qgmmn4af",
            "url": "https://github.com/willenbug/nurpkgs"
        },
        "wolfangaukang": {
            "date": null,
            "rev": "e5f8fed24075c160befeb283d36cf865ddceec29",
            "sha256": "1r5x8hiwc1abwzah000fbygrny5v5hfwyvpqlhcmwpwx5q42riww",
            "url": "https://codeberg.org/wolfangaukang/nix-agordoj.git"
        },
        "xe": {
            "date": null,
            "rev": "5be834d0cfe1abedaaf9fd8ae20764649930df24",
            "sha256": "1kcs2n2wa9wa3i69m4jhlrzi514clarcmm8nbyfa564pymgw92yb",
            "url": "https://github.com/Xe/xepkgs"
        },
        "xeals": {
            "date": null,
            "rev": "737fe7d2797dfe953664be8f9a8c9a8013a0012f",
            "sha256": "18m1mqbdk5rb3f9lkbkclmvvhrd6mrr2bkwk2jsp7y4rcmx7wiwl",
            "url": "https://github.com/xeals/nur-packages"
        },
        "yellowonion": {
            "date": null,
            "rev": "8463c32cc2cbc3b16a2dd9470529d01b959cb95d",
            "sha256": "08wradinzhan3qq57ixzwqvgvdq7nls950vbfw0nw5p172a79j62",
            "url": "https://github.com/yellowonion/nur-bcachefs"
        },
        "ysndr": {
            "date": null,
            "rev": "2e1ad348d4b9d0b6fd6032ff16a0f9434cf980cf",
            "sha256": "1dfrsj8cq7kqrq0gmwdyaw20valxz6gc64dfnb2c021hgp1g0xya",
            "url": "https://github.com/ysndr/nur-packages"
        },
        "zzzsy": {
            "date": null,
            "rev": "578289275ccc52ae9607e602604bef42b458dfab",
            "sha256": "0bx4g51ymvv7qf48ymffd4s9m1146hzgcdr8if4vgmlvdcky54fv",
            "url": "https://github.com/zzzsyyy/flakes"
        }
    }
}