{
  "nodes": {
    "flake-parts": {
      "inputs": {
        "nixpkgs-lib": [
          "nixpkgs"
        ]
      },
      "locked": {
        "lastModified": 1717285511,
        "narHash": "sha256-iKzJcpdXih14qYVcZ9QC9XuZYnPc6T8YImb6dX166kw=",
        "owner": "hercules-ci",
        "repo": "flake-parts",
        "rev": "2a55567fcf15b1b1c7ed712a2c6fadaec7412ea8",
        "type": "github"
      },
      "original": {
        "owner": "hercules-ci",
        "repo": "flake-parts",
        "type": "github"
      }
    },
    "flake-utils": {
      "inputs": {
        "systems": [
          "systems"
        ]
      },
      "locked": {
        "lastModified": 1710146030,
        "narHash": "sha256-SZ5L6eA7HJ/nmkzGG7/ISclqe6oZdOZTNoesiInkXPQ=",
        "owner": "numtide",
        "repo": "flake-utils",
        "rev": "b1d9ab70662946ef0850d488da1c9019f3a9752a",
        "type": "github"
      },
      "original": {
        "owner": "numtide",
        "repo": "flake-utils",
        "type": "github"
      }
    },
    "git-hooks": {
      "inputs": {
        "flake-compat": [],
        "gitignore": "gitignore",
        "nixpkgs": [
          "nixpkgs"
        ],
        "nixpkgs-stable": [
          "nixpkgs-stable"
        ]
      },
      "locked": {
        "lastModified": 1716213921,
        "narHash": "sha256-xrsYFST8ij4QWaV6HEokCUNIZLjjLP1bYC60K8XiBVA=",
        "owner": "cachix",
        "repo": "git-hooks.nix",
        "rev": "0e8fcc54b842ad8428c9e705cb5994eaf05c26a0",
        "type": "github"
      },
      "original": {
        "owner": "cachix",
        "repo": "git-hooks.nix",
        "type": "github"
      }
    },
    "gitignore": {
      "inputs": {
        "nixpkgs": [
          "git-hooks",
          "nixpkgs"
        ]
      },
      "locked": {
        "lastModified": 1709087332,
        "narHash": "sha256-HG2cCnktfHsKV0s4XW83gU3F57gaTljL9KNSuG6bnQs=",
        "owner": "hercules-ci",
        "repo": "gitignore.nix",
        "rev": "637db329424fd7e46cf4185293b9cc8c88c95394",
        "type": "github"
      },
      "original": {
        "owner": "hercules-ci",
        "repo": "gitignore.nix",
        "type": "github"
      }
    },
    "nixpkgs": {
      "locked": {
        "lastModified": 1717399147,
        "narHash": "sha256-eCWaE/q1VItpFAxxLVt171MdtDcjEnwi6QB/yuF73JU=",
        "owner": "NixOS",
        "repo": "nixpkgs",
        "rev": "4a4ecb0ab415c9fccfb005567a215e6a9564cdf5",
        "type": "github"
      },
      "original": {
        "owner": "NixOS",
        "ref": "nixpkgs-unstable",
        "repo": "nixpkgs",
        "type": "github"
      }
    },
    "nixpkgs-stable": {
      "locked": {
        "lastModified": 1717144377,
        "narHash": "sha256-F/TKWETwB5RaR8owkPPi+SPJh83AQsm6KrQAlJ8v/uA=",
        "owner": "NixOS",
        "repo": "nixpkgs",
        "rev": "805a384895c696f802a9bf5bf4720f37385df547",
        "type": "github"
      },
      "original": {
        "owner": "NixOS",
        "ref": "nixos-24.05",
        "repo": "nixpkgs",
        "type": "github"
      }
    },
    "root": {
      "inputs": {
        "flake-parts": "flake-parts",
        "flake-utils": "flake-utils",
        "git-hooks": "git-hooks",
        "nixpkgs": "nixpkgs",
        "nixpkgs-stable": "nixpkgs-stable",
        "systems": "systems"
      }
    },
    "systems": {
      "flake": false,
      "locked": {
        "lastModified": 1,
        "narHash": "sha256-9B3KJq2i4AuUpyXdPgiL71ubTnD6OSqKcIUpqS6z3kA=",
        "path": "./systems.nix",
        "type": "path"
      },
      "original": {
        "path": "./systems.nix",
        "type": "path"
      }
    }
  },
  "root": "root",
  "version": 7
}
