{
  "nodes": {
    "nixpkgs": {
      "locked": {
        "lastModified": 1767392901,
        "narHash": "sha256-Cj4Pwnc1uKeLtbp9GM9DXvDWqsf7CeH4cQSszKrY6GY=",
        "owner": "NixOS",
        "repo": "nixpkgs",
        "rev": "227419774b00ee9347e8449fa45225dc0b71e5ec",
        "type": "github"
      },
      "original": {
        "owner": "NixOS",
        "ref": "master",
        "repo": "nixpkgs",
        "type": "github"
      }
    },
    "root": {
      "inputs": {
        "nixpkgs": "nixpkgs"
      }
    }
  },
  "root": "root",
  "version": 7
}
